// !$*UTF8*$!
{
	archiveVersion = 1;
	classes = {
	};
	objectVersion = 46;
	objects = {

/* Begin PBXBuildFile section */
		710F88271BE03691001833F2 /* StarBonus.png in Resources */ = {isa = PBXBuildFile; fileRef = 710F88261BE03691001833F2 /* StarBonus.png */; settings = {ASSET_TAGS = (); }; };
		710F88291BE03701001833F2 /* DoubleBonus.png in Resources */ = {isa = PBXBuildFile; fileRef = 710F88281BE03701001833F2 /* DoubleBonus.png */; settings = {ASSET_TAGS = (); }; };
		710F882B1BE08986001833F2 /* Warning.wav in Resources */ = {isa = PBXBuildFile; fileRef = 710F882A1BE08986001833F2 /* Warning.wav */; settings = {ASSET_TAGS = (); }; };
		710F882D1BE0A610001833F2 /* BGM.wav in Resources */ = {isa = PBXBuildFile; fileRef = 710F882C1BE0A610001833F2 /* BGM.wav */; settings = {ASSET_TAGS = (); }; };
		711C3E341BD6DF18000B724D /* animation.atlas in Resources */ = {isa = PBXBuildFile; fileRef = 711C3E331BD6DF18000B724D /* animation.atlas */; settings = {ASSET_TAGS = (); }; };
		711C3E3E1BD78D92000B724D /* kameCharge.wav in Resources */ = {isa = PBXBuildFile; fileRef = 711C3E3D1BD78D91000B724D /* kameCharge.wav */; settings = {ASSET_TAGS = (); }; };
		711C3E401BD78DCF000B724D /* kameEmmit.wav in Resources */ = {isa = PBXBuildFile; fileRef = 711C3E3F1BD78DCF000B724D /* kameEmmit.wav */; settings = {ASSET_TAGS = (); }; };
		711C3E441BD79074000B724D /* MyParticle.sks in Resources */ = {isa = PBXBuildFile; fileRef = 711C3E421BD79074000B724D /* MyParticle.sks */; settings = {ASSET_TAGS = (); }; };
		711C3E451BD79074000B724D /* spark.png in Resources */ = {isa = PBXBuildFile; fileRef = 711C3E431BD79074000B724D /* spark.png */; settings = {ASSET_TAGS = (); }; };
		711C3E481BD790B1000B724D /* profExplosion.sks in Resources */ = {isa = PBXBuildFile; fileRef = 711C3E461BD790B1000B724D /* profExplosion.sks */; settings = {ASSET_TAGS = (); }; };
		711C3E491BD790B1000B724D /* profParticle.png in Resources */ = {isa = PBXBuildFile; fileRef = 711C3E471BD790B1000B724D /* profParticle.png */; settings = {ASSET_TAGS = (); }; };
		7134FE5A1BDC0E1700AC1C7E /* warning@2x.png in Resources */ = {isa = PBXBuildFile; fileRef = 7134FE591BDC0E1700AC1C7E /* warning@2x.png */; settings = {ASSET_TAGS = (); }; };
		719D0C791BDC30730039C10C /* Ready.png in Resources */ = {isa = PBXBuildFile; fileRef = 719D0C781BDC30730039C10C /* Ready.png */; settings = {ASSET_TAGS = (); }; };
		719D0C7B1BDC307E0039C10C /* Fight.png in Resources */ = {isa = PBXBuildFile; fileRef = 719D0C7A1BDC307E0039C10C /* Fight.png */; settings = {ASSET_TAGS = (); }; };
		719D0C7D1BDC32890039C10C /* fight.wav in Resources */ = {isa = PBXBuildFile; fileRef = 719D0C7C1BDC32890039C10C /* fight.wav */; settings = {ASSET_TAGS = (); }; };
		71B30A171BD6207C00ABAAFC /* InvaderBullet.wav in Resources */ = {isa = PBXBuildFile; fileRef = 71B30A021BD6207C00ABAAFC /* InvaderBullet.wav */; settings = {ASSET_TAGS = (); }; };
		71B30A181BD6207C00ABAAFC /* InvaderHit.wav in Resources */ = {isa = PBXBuildFile; fileRef = 71B30A031BD6207C00ABAAFC /* InvaderHit.wav */; settings = {ASSET_TAGS = (); }; };
		71B30A191BD6207C00ABAAFC /* ShipBullet.wav in Resources */ = {isa = PBXBuildFile; fileRef = 71B30A041BD6207C00ABAAFC /* ShipBullet.wav */; settings = {ASSET_TAGS = (); }; };
		71B30A1A1BD6207C00ABAAFC /* ShipHit.wav in Resources */ = {isa = PBXBuildFile; fileRef = 71B30A051BD6207C00ABAAFC /* ShipHit.wav */; settings = {ASSET_TAGS = (); }; };
		71B30A1B1BD6207C00ABAAFC /* headdd.png in Resources */ = {isa = PBXBuildFile; fileRef = 71B30A071BD6207C00ABAAFC /* headdd.png */; settings = {ASSET_TAGS = (); }; };
		71B30A1C1BD6207C00ABAAFC /* InvaderA_00.png in Resources */ = {isa = PBXBuildFile; fileRef = 71B30A081BD6207C00ABAAFC /* InvaderA_00.png */; settings = {ASSET_TAGS = (); }; };
		71B30A1D1BD6207C00ABAAFC /* InvaderA_00@2x.png in Resources */ = {isa = PBXBuildFile; fileRef = 71B30A091BD6207C00ABAAFC /* InvaderA_00@2x.png */; settings = {ASSET_TAGS = (); }; };
		71B30A1E1BD6207C00ABAAFC /* InvaderA_01.png in Resources */ = {isa = PBXBuildFile; fileRef = 71B30A0A1BD6207C00ABAAFC /* InvaderA_01.png */; settings = {ASSET_TAGS = (); }; };
		71B30A1F1BD6207C00ABAAFC /* InvaderA_01@2x.png in Resources */ = {isa = PBXBuildFile; fileRef = 71B30A0B1BD6207C00ABAAFC /* InvaderA_01@2x.png */; settings = {ASSET_TAGS = (); }; };
		71B30A201BD6207C00ABAAFC /* InvaderB_00.png in Resources */ = {isa = PBXBuildFile; fileRef = 71B30A0C1BD6207C00ABAAFC /* InvaderB_00.png */; settings = {ASSET_TAGS = (); }; };
		71B30A211BD6207C00ABAAFC /* InvaderB_00@2x.png in Resources */ = {isa = PBXBuildFile; fileRef = 71B30A0D1BD6207C00ABAAFC /* InvaderB_00@2x.png */; settings = {ASSET_TAGS = (); }; };
		71B30A221BD6207C00ABAAFC /* InvaderB_01.png in Resources */ = {isa = PBXBuildFile; fileRef = 71B30A0E1BD6207C00ABAAFC /* InvaderB_01.png */; settings = {ASSET_TAGS = (); }; };
		71B30A231BD6207C00ABAAFC /* InvaderB_01@2x.png in Resources */ = {isa = PBXBuildFile; fileRef = 71B30A0F1BD6207C00ABAAFC /* InvaderB_01@2x.png */; settings = {ASSET_TAGS = (); }; };
		71B30A241BD6207C00ABAAFC /* InvaderC_00.png in Resources */ = {isa = PBXBuildFile; fileRef = 71B30A101BD6207C00ABAAFC /* InvaderC_00.png */; settings = {ASSET_TAGS = (); }; };
		71B30A251BD6207C00ABAAFC /* InvaderC_00@2x.png in Resources */ = {isa = PBXBuildFile; fileRef = 71B30A111BD6207C00ABAAFC /* InvaderC_00@2x.png */; settings = {ASSET_TAGS = (); }; };
		71B30A261BD6207C00ABAAFC /* InvaderC_01.png in Resources */ = {isa = PBXBuildFile; fileRef = 71B30A121BD6207C00ABAAFC /* InvaderC_01.png */; settings = {ASSET_TAGS = (); }; };
		71B30A271BD6207C00ABAAFC /* InvaderC_01@2x.png in Resources */ = {isa = PBXBuildFile; fileRef = 71B30A131BD6207C00ABAAFC /* InvaderC_01@2x.png */; settings = {ASSET_TAGS = (); }; };
		71B30A281BD6207C00ABAAFC /* prof@2x.png in Resources */ = {isa = PBXBuildFile; fileRef = 71B30A141BD6207C00ABAAFC /* prof@2x.png */; settings = {ASSET_TAGS = (); }; };
		71B30A291BD6207C00ABAAFC /* Ship.png in Resources */ = {isa = PBXBuildFile; fileRef = 71B30A151BD6207C00ABAAFC /* Ship.png */; settings = {ASSET_TAGS = (); }; };
		71B30A2A1BD6207C00ABAAFC /* Ship@2x.png in Resources */ = {isa = PBXBuildFile; fileRef = 71B30A161BD6207C00ABAAFC /* Ship@2x.png */; settings = {ASSET_TAGS = (); }; };
		71B30A2C1BD6222400ABAAFC /* GameOverScene.swift in Sources */ = {isa = PBXBuildFile; fileRef = 71B30A2B1BD6222400ABAAFC /* GameOverScene.swift */; settings = {ASSET_TAGS = (); }; };
		71CA2F6D1BD6C99C0049374C /* Missel@2x.png in Resources */ = {isa = PBXBuildFile; fileRef = 71CA2F6C1BD6C99C0049374C /* Missel@2x.png */; settings = {ASSET_TAGS = (); }; };
		71CA2F6F1BD6CB4F0049374C /* Missel_hit@2x.png in Resources */ = {isa = PBXBuildFile; fileRef = 71CA2F6E1BD6CB4F0049374C /* Missel_hit@2x.png */; settings = {ASSET_TAGS = (); }; };
		71E4433A1BD7BA04001D50BD /* background.jpg in Resources */ = {isa = PBXBuildFile; fileRef = 71E443391BD7BA04001D50BD /* background.jpg */; settings = {ASSET_TAGS = (); }; };
		71E4433C1BD7C689001D50BD /* background2.jpg in Resources */ = {isa = PBXBuildFile; fileRef = 71E4433B1BD7C689001D50BD /* background2.jpg */; settings = {ASSET_TAGS = (); }; };
		71E4433E1BD7C753001D50BD /* background3.jpg in Resources */ = {isa = PBXBuildFile; fileRef = 71E4433D1BD7C753001D50BD /* background3.jpg */; settings = {ASSET_TAGS = (); }; };
		71E443401BD7C79D001D50BD /* background4.jpg in Resources */ = {isa = PBXBuildFile; fileRef = 71E4433F1BD7C79D001D50BD /* background4.jpg */; settings = {ASSET_TAGS = (); }; };
		71E443421BD7C809001D50BD /* background5.jpg in Resources */ = {isa = PBXBuildFile; fileRef = 71E443411BD7C809001D50BD /* background5.jpg */; settings = {ASSET_TAGS = (); }; };
		71E8A0A31BD4605C002832EE /* AppDelegate.swift in Sources */ = {isa = PBXBuildFile; fileRef = 71E8A0A21BD4605C002832EE /* AppDelegate.swift */; };
		71E8A0A51BD4605C002832EE /* GameScene.sks in Resources */ = {isa = PBXBuildFile; fileRef = 71E8A0A41BD4605C002832EE /* GameScene.sks */; };
		71E8A0A71BD4605C002832EE /* GameScene.swift in Sources */ = {isa = PBXBuildFile; fileRef = 71E8A0A61BD4605C002832EE /* GameScene.swift */; };
		71E8A0A91BD4605C002832EE /* GameViewController.swift in Sources */ = {isa = PBXBuildFile; fileRef = 71E8A0A81BD4605C002832EE /* GameViewController.swift */; };
		71E8A0AC1BD4605C002832EE /* Main.storyboard in Resources */ = {isa = PBXBuildFile; fileRef = 71E8A0AA1BD4605C002832EE /* Main.storyboard */; };
		71E8A0AE1BD4605C002832EE /* Assets.xcassets in Resources */ = {isa = PBXBuildFile; fileRef = 71E8A0AD1BD4605C002832EE /* Assets.xcassets */; };
		71E8A0B11BD4605C002832EE /* LaunchScreen.storyboard in Resources */ = {isa = PBXBuildFile; fileRef = 71E8A0AF1BD4605C002832EE /* LaunchScreen.storyboard */; };
		71E8A0BC1BD4605C002832EE /* FaceoffTests.swift in Sources */ = {isa = PBXBuildFile; fileRef = 71E8A0BB1BD4605C002832EE /* FaceoffTests.swift */; };
		71E8A0C71BD4605C002832EE /* FaceoffUITests.swift in Sources */ = {isa = PBXBuildFile; fileRef = 71E8A0C61BD4605C002832EE /* FaceoffUITests.swift */; };
		71E8A0D61BD5D6A2002832EE /* BTAdvertise.swift in Sources */ = {isa = PBXBuildFile; fileRef = 71E8A0D41BD5D6A2002832EE /* BTAdvertise.swift */; settings = {ASSET_TAGS = (); }; };
		71E8A0D71BD5D6A2002832EE /* BTDiscovery.swift in Sources */ = {isa = PBXBuildFile; fileRef = 71E8A0D51BD5D6A2002832EE /* BTDiscovery.swift */; settings = {ASSET_TAGS = (); }; };
		71E8A0D91BD5D6FB002832EE /* BTService.swift in Sources */ = {isa = PBXBuildFile; fileRef = 71E8A0D81BD5D6FB002832EE /* BTService.swift */; settings = {ASSET_TAGS = (); }; };
/* End PBXBuildFile section */

/* Begin PBXContainerItemProxy section */
		71E8A0B81BD4605C002832EE /* PBXContainerItemProxy */ = {
			isa = PBXContainerItemProxy;
			containerPortal = 71E8A0971BD4605C002832EE /* Project object */;
			proxyType = 1;
			remoteGlobalIDString = 71E8A09E1BD4605C002832EE;
			remoteInfo = BTtest;
		};
		71E8A0C31BD4605C002832EE /* PBXContainerItemProxy */ = {
			isa = PBXContainerItemProxy;
			containerPortal = 71E8A0971BD4605C002832EE /* Project object */;
			proxyType = 1;
			remoteGlobalIDString = 71E8A09E1BD4605C002832EE;
			remoteInfo = BTtest;
		};
/* End PBXContainerItemProxy section */

/* Begin PBXFileReference section */
		710F88261BE03691001833F2 /* StarBonus.png */ = {isa = PBXFileReference; lastKnownFileType = image.png; path = StarBonus.png; sourceTree = "<group>"; };
		710F88281BE03701001833F2 /* DoubleBonus.png */ = {isa = PBXFileReference; lastKnownFileType = image.png; path = DoubleBonus.png; sourceTree = "<group>"; };
		710F882A1BE08986001833F2 /* Warning.wav */ = {isa = PBXFileReference; lastKnownFileType = audio.wav; path = Warning.wav; sourceTree = "<group>"; };
		710F882C1BE0A610001833F2 /* BGM.wav */ = {isa = PBXFileReference; lastKnownFileType = audio.wav; path = BGM.wav; sourceTree = "<group>"; };
		711C3E331BD6DF18000B724D /* animation.atlas */ = {isa = PBXFileReference; lastKnownFileType = folder.skatlas; path = animation.atlas; sourceTree = "<group>"; };
		711C3E3D1BD78D91000B724D /* kameCharge.wav */ = {isa = PBXFileReference; lastKnownFileType = audio.wav; path = kameCharge.wav; sourceTree = "<group>"; };
		711C3E3F1BD78DCF000B724D /* kameEmmit.wav */ = {isa = PBXFileReference; lastKnownFileType = audio.wav; path = kameEmmit.wav; sourceTree = "<group>"; };
		711C3E421BD79074000B724D /* MyParticle.sks */ = {isa = PBXFileReference; lastKnownFileType = file.sks; path = MyParticle.sks; sourceTree = "<group>"; };
		711C3E431BD79074000B724D /* spark.png */ = {isa = PBXFileReference; lastKnownFileType = image.png; path = spark.png; sourceTree = "<group>"; };
		711C3E461BD790B1000B724D /* profExplosion.sks */ = {isa = PBXFileReference; lastKnownFileType = file.sks; path = profExplosion.sks; sourceTree = "<group>"; };
		711C3E471BD790B1000B724D /* profParticle.png */ = {isa = PBXFileReference; lastKnownFileType = image.png; path = profParticle.png; sourceTree = "<group>"; };
		7134FE591BDC0E1700AC1C7E /* warning@2x.png */ = {isa = PBXFileReference; lastKnownFileType = image.png; path = "warning@2x.png"; sourceTree = "<group>"; };
		719D0C781BDC30730039C10C /* Ready.png */ = {isa = PBXFileReference; lastKnownFileType = image.png; path = Ready.png; sourceTree = "<group>"; };
		719D0C7A1BDC307E0039C10C /* Fight.png */ = {isa = PBXFileReference; lastKnownFileType = image.png; path = Fight.png; sourceTree = "<group>"; };
		719D0C7C1BDC32890039C10C /* fight.wav */ = {isa = PBXFileReference; lastKnownFileType = audio.wav; path = fight.wav; sourceTree = "<group>"; };
		71B30A021BD6207C00ABAAFC /* InvaderBullet.wav */ = {isa = PBXFileReference; lastKnownFileType = audio.wav; path = InvaderBullet.wav; sourceTree = "<group>"; };
		71B30A031BD6207C00ABAAFC /* InvaderHit.wav */ = {isa = PBXFileReference; lastKnownFileType = audio.wav; path = InvaderHit.wav; sourceTree = "<group>"; };
		71B30A041BD6207C00ABAAFC /* ShipBullet.wav */ = {isa = PBXFileReference; lastKnownFileType = audio.wav; path = ShipBullet.wav; sourceTree = "<group>"; };
		71B30A051BD6207C00ABAAFC /* ShipHit.wav */ = {isa = PBXFileReference; lastKnownFileType = audio.wav; path = ShipHit.wav; sourceTree = "<group>"; };
		71B30A071BD6207C00ABAAFC /* headdd.png */ = {isa = PBXFileReference; lastKnownFileType = image.png; path = headdd.png; sourceTree = "<group>"; };
		71B30A081BD6207C00ABAAFC /* InvaderA_00.png */ = {isa = PBXFileReference; lastKnownFileType = image.png; path = InvaderA_00.png; sourceTree = "<group>"; };
		71B30A091BD6207C00ABAAFC /* InvaderA_00@2x.png */ = {isa = PBXFileReference; lastKnownFileType = image.png; path = "InvaderA_00@2x.png"; sourceTree = "<group>"; };
		71B30A0A1BD6207C00ABAAFC /* InvaderA_01.png */ = {isa = PBXFileReference; lastKnownFileType = image.png; path = InvaderA_01.png; sourceTree = "<group>"; };
		71B30A0B1BD6207C00ABAAFC /* InvaderA_01@2x.png */ = {isa = PBXFileReference; lastKnownFileType = image.png; path = "InvaderA_01@2x.png"; sourceTree = "<group>"; };
		71B30A0C1BD6207C00ABAAFC /* InvaderB_00.png */ = {isa = PBXFileReference; lastKnownFileType = image.png; path = InvaderB_00.png; sourceTree = "<group>"; };
		71B30A0D1BD6207C00ABAAFC /* InvaderB_00@2x.png */ = {isa = PBXFileReference; lastKnownFileType = image.png; path = "InvaderB_00@2x.png"; sourceTree = "<group>"; };
		71B30A0E1BD6207C00ABAAFC /* InvaderB_01.png */ = {isa = PBXFileReference; lastKnownFileType = image.png; path = InvaderB_01.png; sourceTree = "<group>"; };
		71B30A0F1BD6207C00ABAAFC /* InvaderB_01@2x.png */ = {isa = PBXFileReference; lastKnownFileType = image.png; path = "InvaderB_01@2x.png"; sourceTree = "<group>"; };
		71B30A101BD6207C00ABAAFC /* InvaderC_00.png */ = {isa = PBXFileReference; lastKnownFileType = image.png; path = InvaderC_00.png; sourceTree = "<group>"; };
		71B30A111BD6207C00ABAAFC /* InvaderC_00@2x.png */ = {isa = PBXFileReference; lastKnownFileType = image.png; path = "InvaderC_00@2x.png"; sourceTree = "<group>"; };
		71B30A121BD6207C00ABAAFC /* InvaderC_01.png */ = {isa = PBXFileReference; lastKnownFileType = image.png; path = InvaderC_01.png; sourceTree = "<group>"; };
		71B30A131BD6207C00ABAAFC /* InvaderC_01@2x.png */ = {isa = PBXFileReference; lastKnownFileType = image.png; path = "InvaderC_01@2x.png"; sourceTree = "<group>"; };
		71B30A141BD6207C00ABAAFC /* prof@2x.png */ = {isa = PBXFileReference; lastKnownFileType = image.png; path = "prof@2x.png"; sourceTree = "<group>"; };
		71B30A151BD6207C00ABAAFC /* Ship.png */ = {isa = PBXFileReference; lastKnownFileType = image.png; path = Ship.png; sourceTree = "<group>"; };
		71B30A161BD6207C00ABAAFC /* Ship@2x.png */ = {isa = PBXFileReference; lastKnownFileType = image.png; path = "Ship@2x.png"; sourceTree = "<group>"; };
		71B30A2B1BD6222400ABAAFC /* GameOverScene.swift */ = {isa = PBXFileReference; fileEncoding = 4; lastKnownFileType = sourcecode.swift; path = GameOverScene.swift; sourceTree = "<group>"; };
		71CA2F6C1BD6C99C0049374C /* Missel@2x.png */ = {isa = PBXFileReference; lastKnownFileType = image.png; path = "Missel@2x.png"; sourceTree = "<group>"; };
		71CA2F6E1BD6CB4F0049374C /* Missel_hit@2x.png */ = {isa = PBXFileReference; lastKnownFileType = image.png; path = "Missel_hit@2x.png"; sourceTree = "<group>"; };
		71E443391BD7BA04001D50BD /* background.jpg */ = {isa = PBXFileReference; lastKnownFileType = image.jpeg; path = background.jpg; sourceTree = "<group>"; };
		71E4433B1BD7C689001D50BD /* background2.jpg */ = {isa = PBXFileReference; lastKnownFileType = image.jpeg; path = background2.jpg; sourceTree = "<group>"; };
		71E4433D1BD7C753001D50BD /* background3.jpg */ = {isa = PBXFileReference; lastKnownFileType = image.jpeg; path = background3.jpg; sourceTree = "<group>"; };
		71E4433F1BD7C79D001D50BD /* background4.jpg */ = {isa = PBXFileReference; lastKnownFileType = image.jpeg; path = background4.jpg; sourceTree = "<group>"; };
		71E443411BD7C809001D50BD /* background5.jpg */ = {isa = PBXFileReference; lastKnownFileType = image.jpeg; path = background5.jpg; sourceTree = "<group>"; };
		71E8A09F1BD4605C002832EE /* Faceoff.app */ = {isa = PBXFileReference; explicitFileType = wrapper.application; includeInIndex = 0; path = Faceoff.app; sourceTree = BUILT_PRODUCTS_DIR; };
		71E8A0A21BD4605C002832EE /* AppDelegate.swift */ = {isa = PBXFileReference; lastKnownFileType = sourcecode.swift; path = AppDelegate.swift; sourceTree = "<group>"; };
		71E8A0A41BD4605C002832EE /* GameScene.sks */ = {isa = PBXFileReference; lastKnownFileType = file.sks; path = GameScene.sks; sourceTree = "<group>"; };
		71E8A0A61BD4605C002832EE /* GameScene.swift */ = {isa = PBXFileReference; lastKnownFileType = sourcecode.swift; path = GameScene.swift; sourceTree = "<group>"; };
		71E8A0A81BD4605C002832EE /* GameViewController.swift */ = {isa = PBXFileReference; lastKnownFileType = sourcecode.swift; path = GameViewController.swift; sourceTree = "<group>"; };
		71E8A0AB1BD4605C002832EE /* Base */ = {isa = PBXFileReference; lastKnownFileType = file.storyboard; name = Base; path = Base.lproj/Main.storyboard; sourceTree = "<group>"; };
		71E8A0AD1BD4605C002832EE /* Assets.xcassets */ = {isa = PBXFileReference; lastKnownFileType = folder.assetcatalog; path = Assets.xcassets; sourceTree = "<group>"; };
		71E8A0B01BD4605C002832EE /* Base */ = {isa = PBXFileReference; lastKnownFileType = file.storyboard; name = Base; path = Base.lproj/LaunchScreen.storyboard; sourceTree = "<group>"; };
		71E8A0B21BD4605C002832EE /* Info.plist */ = {isa = PBXFileReference; lastKnownFileType = text.plist.xml; path = Info.plist; sourceTree = "<group>"; };
		71E8A0B71BD4605C002832EE /* FaceoffTests.xctest */ = {isa = PBXFileReference; explicitFileType = wrapper.cfbundle; includeInIndex = 0; path = FaceoffTests.xctest; sourceTree = BUILT_PRODUCTS_DIR; };
		71E8A0BB1BD4605C002832EE /* FaceoffTests.swift */ = {isa = PBXFileReference; lastKnownFileType = sourcecode.swift; path = FaceoffTests.swift; sourceTree = "<group>"; };
		71E8A0BD1BD4605C002832EE /* Info.plist */ = {isa = PBXFileReference; lastKnownFileType = text.plist.xml; path = Info.plist; sourceTree = "<group>"; };
		71E8A0C21BD4605C002832EE /* FaceoffUITests.xctest */ = {isa = PBXFileReference; explicitFileType = wrapper.cfbundle; includeInIndex = 0; path = FaceoffUITests.xctest; sourceTree = BUILT_PRODUCTS_DIR; };
		71E8A0C61BD4605C002832EE /* FaceoffUITests.swift */ = {isa = PBXFileReference; lastKnownFileType = sourcecode.swift; path = FaceoffUITests.swift; sourceTree = "<group>"; };
		71E8A0C81BD4605C002832EE /* Info.plist */ = {isa = PBXFileReference; lastKnownFileType = text.plist.xml; path = Info.plist; sourceTree = "<group>"; };
		71E8A0D41BD5D6A2002832EE /* BTAdvertise.swift */ = {isa = PBXFileReference; fileEncoding = 4; lastKnownFileType = sourcecode.swift; path = BTAdvertise.swift; sourceTree = "<group>"; };
		71E8A0D51BD5D6A2002832EE /* BTDiscovery.swift */ = {isa = PBXFileReference; fileEncoding = 4; lastKnownFileType = sourcecode.swift; path = BTDiscovery.swift; sourceTree = "<group>"; };
		71E8A0D81BD5D6FB002832EE /* BTService.swift */ = {isa = PBXFileReference; fileEncoding = 4; lastKnownFileType = sourcecode.swift; path = BTService.swift; sourceTree = "<group>"; };
/* End PBXFileReference section */

/* Begin PBXFrameworksBuildPhase section */
		71E8A09C1BD4605C002832EE /* Frameworks */ = {
			isa = PBXFrameworksBuildPhase;
			buildActionMask = 2147483647;
			files = (
			);
			runOnlyForDeploymentPostprocessing = 0;
		};
		71E8A0B41BD4605C002832EE /* Frameworks */ = {
			isa = PBXFrameworksBuildPhase;
			buildActionMask = 2147483647;
			files = (
			);
			runOnlyForDeploymentPostprocessing = 0;
		};
		71E8A0BF1BD4605C002832EE /* Frameworks */ = {
			isa = PBXFrameworksBuildPhase;
			buildActionMask = 2147483647;
			files = (
			);
			runOnlyForDeploymentPostprocessing = 0;
		};
/* End PBXFrameworksBuildPhase section */

/* Begin PBXGroup section */
		711C3E411BD79074000B724D /* Sprite Particle */ = {
			isa = PBXGroup;
			children = (
				711C3E421BD79074000B724D /* MyParticle.sks */,
				711C3E431BD79074000B724D /* spark.png */,
				711C3E461BD790B1000B724D /* profExplosion.sks */,
				711C3E471BD790B1000B724D /* profParticle.png */,
			);
			path = "Sprite Particle";
			sourceTree = "<group>";
		};
		71B30A011BD6207C00ABAAFC /* Sound Effects */ = {
			isa = PBXGroup;
			children = (
				71B30A021BD6207C00ABAAFC /* InvaderBullet.wav */,
				71B30A031BD6207C00ABAAFC /* InvaderHit.wav */,
				71B30A041BD6207C00ABAAFC /* ShipBullet.wav */,
				71B30A051BD6207C00ABAAFC /* ShipHit.wav */,
				711C3E3D1BD78D91000B724D /* kameCharge.wav */,
				711C3E3F1BD78DCF000B724D /* kameEmmit.wav */,
				719D0C7C1BDC32890039C10C /* fight.wav */,
				710F882A1BE08986001833F2 /* Warning.wav */,
				710F882C1BE0A610001833F2 /* BGM.wav */,
			);
			path = "Sound Effects";
			sourceTree = "<group>";
		};
		71B30A061BD6207C00ABAAFC /* Sprite Images */ = {
			isa = PBXGroup;
			children = (
				710F88261BE03691001833F2 /* StarBonus.png */,
				710F88281BE03701001833F2 /* DoubleBonus.png */,
				71E443391BD7BA04001D50BD /* background.jpg */,
				71E4433B1BD7C689001D50BD /* background2.jpg */,
				71E4433D1BD7C753001D50BD /* background3.jpg */,
				71E4433F1BD7C79D001D50BD /* background4.jpg */,
				71E443411BD7C809001D50BD /* background5.jpg */,
				71B30A071BD6207C00ABAAFC /* headdd.png */,
				71B30A081BD6207C00ABAAFC /* InvaderA_00.png */,
				71B30A091BD6207C00ABAAFC /* InvaderA_00@2x.png */,
				71B30A0A1BD6207C00ABAAFC /* InvaderA_01.png */,
				71B30A0B1BD6207C00ABAAFC /* InvaderA_01@2x.png */,
				71B30A0C1BD6207C00ABAAFC /* InvaderB_00.png */,
				71B30A0D1BD6207C00ABAAFC /* InvaderB_00@2x.png */,
				71B30A0E1BD6207C00ABAAFC /* InvaderB_01.png */,
				71B30A0F1BD6207C00ABAAFC /* InvaderB_01@2x.png */,
				71B30A101BD6207C00ABAAFC /* InvaderC_00.png */,
				71B30A111BD6207C00ABAAFC /* InvaderC_00@2x.png */,
				71B30A121BD6207C00ABAAFC /* InvaderC_01.png */,
				71B30A131BD6207C00ABAAFC /* InvaderC_01@2x.png */,
				71B30A141BD6207C00ABAAFC /* prof@2x.png */,
				71B30A151BD6207C00ABAAFC /* Ship.png */,
				71B30A161BD6207C00ABAAFC /* Ship@2x.png */,
				71CA2F6C1BD6C99C0049374C /* Missel@2x.png */,
				71CA2F6E1BD6CB4F0049374C /* Missel_hit@2x.png */,
				7134FE591BDC0E1700AC1C7E /* warning@2x.png */,
				719D0C781BDC30730039C10C /* Ready.png */,
				719D0C7A1BDC307E0039C10C /* Fight.png */,
			);
			path = "Sprite Images";
			sourceTree = "<group>";
		};
		71E8A0961BD4605C002832EE = {
			isa = PBXGroup;
			children = (
				71E8A0A11BD4605C002832EE /* Faceoff */,
				71E8A0BA1BD4605C002832EE /* FaceofftestTests */,
				71E8A0C51BD4605C002832EE /* FaceoffUITests */,
				71E8A0A01BD4605C002832EE /* Products */,
			);
			sourceTree = "<group>";
		};
		71E8A0A01BD4605C002832EE /* Products */ = {
			isa = PBXGroup;
			children = (
				71E8A09F1BD4605C002832EE /* Faceoff.app */,
				71E8A0B71BD4605C002832EE /* FaceoffTests.xctest */,
				71E8A0C21BD4605C002832EE /* FaceoffUITests.xctest */,
			);
			name = Products;
			sourceTree = "<group>";
		};
		71E8A0A11BD4605C002832EE /* Faceoff */ = {
			isa = PBXGroup;
			children = (
				711C3E411BD79074000B724D /* Sprite Particle */,
				71B30A011BD6207C00ABAAFC /* Sound Effects */,
				71B30A061BD6207C00ABAAFC /* Sprite Images */,
				711C3E331BD6DF18000B724D /* animation.atlas */,
				71E8A0A21BD4605C002832EE /* AppDelegate.swift */,
				71E8A0D41BD5D6A2002832EE /* BTAdvertise.swift */,
				71E8A0D51BD5D6A2002832EE /* BTDiscovery.swift */,
				71E8A0D81BD5D6FB002832EE /* BTService.swift */,
				71E8A0A41BD4605C002832EE /* GameScene.sks */,
				71E8A0A61BD4605C002832EE /* GameScene.swift */,
				71B30A2B1BD6222400ABAAFC /* GameOverScene.swift */,
				71E8A0A81BD4605C002832EE /* GameViewController.swift */,
				71E8A0AA1BD4605C002832EE /* Main.storyboard */,
				71E8A0AD1BD4605C002832EE /* Assets.xcassets */,
				71E8A0AF1BD4605C002832EE /* LaunchScreen.storyboard */,
				71E8A0B21BD4605C002832EE /* Info.plist */,
			);
			path = Faceoff;
			sourceTree = "<group>";
		};
		71E8A0BA1BD4605C002832EE /* FaceofftestTests */ = {
			isa = PBXGroup;
			children = (
				71E8A0BB1BD4605C002832EE /* FaceoffTests.swift */,
				71E8A0BD1BD4605C002832EE /* Info.plist */,
			);
			name = FaceofftestTests;
			path = FaceoffTests;
			sourceTree = "<group>";
		};
		71E8A0C51BD4605C002832EE /* FaceoffUITests */ = {
			isa = PBXGroup;
			children = (
				71E8A0C61BD4605C002832EE /* FaceoffUITests.swift */,
				71E8A0C81BD4605C002832EE /* Info.plist */,
			);
			path = FaceoffUITests;
			sourceTree = "<group>";
		};
/* End PBXGroup section */

/* Begin PBXNativeTarget section */
		71E8A09E1BD4605C002832EE /* Faceoff */ = {
			isa = PBXNativeTarget;
			buildConfigurationList = 71E8A0CB1BD4605C002832EE /* Build configuration list for PBXNativeTarget "Faceoff" */;
			buildPhases = (
				71E8A09B1BD4605C002832EE /* Sources */,
				71E8A09C1BD4605C002832EE /* Frameworks */,
				71E8A09D1BD4605C002832EE /* Resources */,
			);
			buildRules = (
			);
			dependencies = (
			);
			name = Faceoff;
			productName = BTtest;
			productReference = 71E8A09F1BD4605C002832EE /* Faceoff.app */;
			productType = "com.apple.product-type.application";
		};
		71E8A0B61BD4605C002832EE /* FaceoffTests */ = {
			isa = PBXNativeTarget;
			buildConfigurationList = 71E8A0CE1BD4605C002832EE /* Build configuration list for PBXNativeTarget "FaceoffTests" */;
			buildPhases = (
				71E8A0B31BD4605C002832EE /* Sources */,
				71E8A0B41BD4605C002832EE /* Frameworks */,
				71E8A0B51BD4605C002832EE /* Resources */,
			);
			buildRules = (
			);
			dependencies = (
				71E8A0B91BD4605C002832EE /* PBXTargetDependency */,
			);
			name = FaceoffTests;
			productName = BTtestTests;
			productReference = 71E8A0B71BD4605C002832EE /* FaceoffTests.xctest */;
			productType = "com.apple.product-type.bundle.unit-test";
		};
		71E8A0C11BD4605C002832EE /* FaceoffUITests */ = {
			isa = PBXNativeTarget;
			buildConfigurationList = 71E8A0D11BD4605C002832EE /* Build configuration list for PBXNativeTarget "FaceoffUITests" */;
			buildPhases = (
				71E8A0BE1BD4605C002832EE /* Sources */,
				71E8A0BF1BD4605C002832EE /* Frameworks */,
				71E8A0C01BD4605C002832EE /* Resources */,
			);
			buildRules = (
			);
			dependencies = (
				71E8A0C41BD4605C002832EE /* PBXTargetDependency */,
			);
			name = FaceoffUITests;
			productName = BTtestUITests;
			productReference = 71E8A0C21BD4605C002832EE /* FaceoffUITests.xctest */;
			productType = "com.apple.product-type.bundle.ui-testing";
		};
/* End PBXNativeTarget section */

/* Begin PBXProject section */
		71E8A0971BD4605C002832EE /* Project object */ = {
			isa = PBXProject;
			attributes = {
				LastUpgradeCheck = 0700;
				ORGANIZATIONNAME = Liang;
				TargetAttributes = {
					71E8A09E1BD4605C002832EE = {
						CreatedOnToolsVersion = 7.0;
						DevelopmentTeam = C5FYAMVNV8;
					};
					71E8A0B61BD4605C002832EE = {
						CreatedOnToolsVersion = 7.0;
						TestTargetID = 71E8A09E1BD4605C002832EE;
					};
					71E8A0C11BD4605C002832EE = {
						CreatedOnToolsVersion = 7.0;
						TestTargetID = 71E8A09E1BD4605C002832EE;
					};
				};
			};
			buildConfigurationList = 71E8A09A1BD4605C002832EE /* Build configuration list for PBXProject "Faceoff" */;
			compatibilityVersion = "Xcode 3.2";
			developmentRegion = English;
			hasScannedForEncodings = 0;
			knownRegions = (
				en,
				Base,
			);
			mainGroup = 71E8A0961BD4605C002832EE;
			productRefGroup = 71E8A0A01BD4605C002832EE /* Products */;
			projectDirPath = "";
			projectRoot = "";
			targets = (
				71E8A09E1BD4605C002832EE /* Faceoff */,
				71E8A0B61BD4605C002832EE /* FaceoffTests */,
				71E8A0C11BD4605C002832EE /* FaceoffUITests */,
			);
		};
/* End PBXProject section */

/* Begin PBXResourcesBuildPhase section */
		71E8A09D1BD4605C002832EE /* Resources */ = {
			isa = PBXResourcesBuildPhase;
			buildActionMask = 2147483647;
			files = (
				710F882D1BE0A610001833F2 /* BGM.wav in Resources */,
				71B30A201BD6207C00ABAAFC /* InvaderB_00.png in Resources */,
				71B30A251BD6207C00ABAAFC /* InvaderC_00@2x.png in Resources */,
				711C3E451BD79074000B724D /* spark.png in Resources */,
				71B30A1A1BD6207C00ABAAFC /* ShipHit.wav in Resources */,
				71B30A1B1BD6207C00ABAAFC /* headdd.png in Resources */,
				71E4433E1BD7C753001D50BD /* background3.jpg in Resources */,
				71E8A0A51BD4605C002832EE /* GameScene.sks in Resources */,
				71E8A0B11BD4605C002832EE /* LaunchScreen.storyboard in Resources */,
				711C3E341BD6DF18000B724D /* animation.atlas in Resources */,
				71B30A181BD6207C00ABAAFC /* InvaderHit.wav in Resources */,
				71E8A0AE1BD4605C002832EE /* Assets.xcassets in Resources */,
				71CA2F6D1BD6C99C0049374C /* Missel@2x.png in Resources */,
				711C3E481BD790B1000B724D /* profExplosion.sks in Resources */,
				71B30A211BD6207C00ABAAFC /* InvaderB_00@2x.png in Resources */,
				71B30A1F1BD6207C00ABAAFC /* InvaderA_01@2x.png in Resources */,
				711C3E401BD78DCF000B724D /* kameEmmit.wav in Resources */,
				71B30A191BD6207C00ABAAFC /* ShipBullet.wav in Resources */,
				71CA2F6F1BD6CB4F0049374C /* Missel_hit@2x.png in Resources */,
				71E8A0AC1BD4605C002832EE /* Main.storyboard in Resources */,
				719D0C7D1BDC32890039C10C /* fight.wav in Resources */,
				710F88291BE03701001833F2 /* DoubleBonus.png in Resources */,
				71B30A1E1BD6207C00ABAAFC /* InvaderA_01.png in Resources */,
				71E443421BD7C809001D50BD /* background5.jpg in Resources */,
				71B30A281BD6207C00ABAAFC /* prof@2x.png in Resources */,
				71B30A271BD6207C00ABAAFC /* InvaderC_01@2x.png in Resources */,
				71E4433A1BD7BA04001D50BD /* background.jpg in Resources */,
				711C3E491BD790B1000B724D /* profParticle.png in Resources */,
				711C3E441BD79074000B724D /* MyParticle.sks in Resources */,
				71B30A171BD6207C00ABAAFC /* InvaderBullet.wav in Resources */,
				71B30A261BD6207C00ABAAFC /* InvaderC_01.png in Resources */,
				711C3E3E1BD78D92000B724D /* kameCharge.wav in Resources */,
				71B30A241BD6207C00ABAAFC /* InvaderC_00.png in Resources */,
				7134FE5A1BDC0E1700AC1C7E /* warning@2x.png in Resources */,
				71E443401BD7C79D001D50BD /* background4.jpg in Resources */,
				71B30A231BD6207C00ABAAFC /* InvaderB_01@2x.png in Resources */,
				710F88271BE03691001833F2 /* StarBonus.png in Resources */,
				719D0C791BDC30730039C10C /* Ready.png in Resources */,
				71B30A221BD6207C00ABAAFC /* InvaderB_01.png in Resources */,
				710F882B1BE08986001833F2 /* Warning.wav in Resources */,
				71B30A2A1BD6207C00ABAAFC /* Ship@2x.png in Resources */,
				71B30A291BD6207C00ABAAFC /* Ship.png in Resources */,
				71E4433C1BD7C689001D50BD /* background2.jpg in Resources */,
				71B30A1C1BD6207C00ABAAFC /* InvaderA_00.png in Resources */,
				719D0C7B1BDC307E0039C10C /* Fight.png in Resources */,
				71B30A1D1BD6207C00ABAAFC /* InvaderA_00@2x.png in Resources */,
			);
			runOnlyForDeploymentPostprocessing = 0;
		};
		71E8A0B51BD4605C002832EE /* Resources */ = {
			isa = PBXResourcesBuildPhase;
			buildActionMask = 2147483647;
			files = (
			);
			runOnlyForDeploymentPostprocessing = 0;
		};
		71E8A0C01BD4605C002832EE /* Resources */ = {
			isa = PBXResourcesBuildPhase;
			buildActionMask = 2147483647;
			files = (
			);
			runOnlyForDeploymentPostprocessing = 0;
		};
/* End PBXResourcesBuildPhase section */

/* Begin PBXSourcesBuildPhase section */
		71E8A09B1BD4605C002832EE /* Sources */ = {
			isa = PBXSourcesBuildPhase;
			buildActionMask = 2147483647;
			files = (
				71E8A0A71BD4605C002832EE /* GameScene.swift in Sources */,
				71E8A0D71BD5D6A2002832EE /* BTDiscovery.swift in Sources */,
				71B30A2C1BD6222400ABAAFC /* GameOverScene.swift in Sources */,
				71E8A0D61BD5D6A2002832EE /* BTAdvertise.swift in Sources */,
				71E8A0D91BD5D6FB002832EE /* BTService.swift in Sources */,
				71E8A0A91BD4605C002832EE /* GameViewController.swift in Sources */,
				71E8A0A31BD4605C002832EE /* AppDelegate.swift in Sources */,
			);
			runOnlyForDeploymentPostprocessing = 0;
		};
		71E8A0B31BD4605C002832EE /* Sources */ = {
			isa = PBXSourcesBuildPhase;
			buildActionMask = 2147483647;
			files = (
				71E8A0BC1BD4605C002832EE /* FaceoffTests.swift in Sources */,
			);
			runOnlyForDeploymentPostprocessing = 0;
		};
		71E8A0BE1BD4605C002832EE /* Sources */ = {
			isa = PBXSourcesBuildPhase;
			buildActionMask = 2147483647;
			files = (
				71E8A0C71BD4605C002832EE /* FaceoffUITests.swift in Sources */,
			);
			runOnlyForDeploymentPostprocessing = 0;
		};
/* End PBXSourcesBuildPhase section */

/* Begin PBXTargetDependency section */
		71E8A0B91BD4605C002832EE /* PBXTargetDependency */ = {
			isa = PBXTargetDependency;
			target = 71E8A09E1BD4605C002832EE /* Faceoff */;
			targetProxy = 71E8A0B81BD4605C002832EE /* PBXContainerItemProxy */;
		};
		71E8A0C41BD4605C002832EE /* PBXTargetDependency */ = {
			isa = PBXTargetDependency;
			target = 71E8A09E1BD4605C002832EE /* Faceoff */;
			targetProxy = 71E8A0C31BD4605C002832EE /* PBXContainerItemProxy */;
		};
/* End PBXTargetDependency section */

/* Begin PBXVariantGroup section */
		71E8A0AA1BD4605C002832EE /* Main.storyboard */ = {
			isa = PBXVariantGroup;
			children = (
				71E8A0AB1BD4605C002832EE /* Base */,
			);
			name = Main.storyboard;
			sourceTree = "<group>";
		};
		71E8A0AF1BD4605C002832EE /* LaunchScreen.storyboard */ = {
			isa = PBXVariantGroup;
			children = (
				71E8A0B01BD4605C002832EE /* Base */,
			);
			name = LaunchScreen.storyboard;
			sourceTree = "<group>";
		};
/* End PBXVariantGroup section */

/* Begin XCBuildConfiguration section */
		71E8A0C91BD4605C002832EE /* Debug */ = {
			isa = XCBuildConfiguration;
			buildSettings = {
				ALWAYS_SEARCH_USER_PATHS = NO;
				CLANG_CXX_LANGUAGE_STANDARD = "gnu++0x";
				CLANG_CXX_LIBRARY = "libc++";
				CLANG_ENABLE_MODULES = YES;
				CLANG_ENABLE_OBJC_ARC = YES;
				CLANG_WARN_BOOL_CONVERSION = YES;
				CLANG_WARN_CONSTANT_CONVERSION = YES;
				CLANG_WARN_DIRECT_OBJC_ISA_USAGE = YES_ERROR;
				CLANG_WARN_EMPTY_BODY = YES;
				CLANG_WARN_ENUM_CONVERSION = YES;
				CLANG_WARN_INT_CONVERSION = YES;
				CLANG_WARN_OBJC_ROOT_CLASS = YES_ERROR;
				CLANG_WARN_UNREACHABLE_CODE = YES;
				CLANG_WARN__DUPLICATE_METHOD_MATCH = YES;
				"CODE_SIGN_IDENTITY[sdk=iphoneos*]" = "iPhone Developer";
				COPY_PHASE_STRIP = NO;
				DEBUG_INFORMATION_FORMAT = "dwarf-with-dsym";
				ENABLE_STRICT_OBJC_MSGSEND = YES;
				ENABLE_TESTABILITY = YES;
				GCC_C_LANGUAGE_STANDARD = gnu99;
				GCC_DYNAMIC_NO_PIC = NO;
				GCC_NO_COMMON_BLOCKS = YES;
				GCC_OPTIMIZATION_LEVEL = 0;
				GCC_PREPROCESSOR_DEFINITIONS = (
					"DEBUG=1",
					"$(inherited)",
				);
				GCC_WARN_64_TO_32_BIT_CONVERSION = YES;
				GCC_WARN_ABOUT_RETURN_TYPE = YES_ERROR;
				GCC_WARN_UNDECLARED_SELECTOR = YES;
				GCC_WARN_UNINITIALIZED_AUTOS = YES_AGGRESSIVE;
				GCC_WARN_UNUSED_FUNCTION = YES;
				GCC_WARN_UNUSED_VARIABLE = YES;
				IPHONEOS_DEPLOYMENT_TARGET = 9.0;
				MTL_ENABLE_DEBUG_INFO = YES;
				ONLY_ACTIVE_ARCH = YES;
				SDKROOT = iphoneos;
				SWIFT_OPTIMIZATION_LEVEL = "-Onone";
			};
			name = Debug;
		};
		71E8A0CA1BD4605C002832EE /* Release */ = {
			isa = XCBuildConfiguration;
			buildSettings = {
				ALWAYS_SEARCH_USER_PATHS = NO;
				CLANG_CXX_LANGUAGE_STANDARD = "gnu++0x";
				CLANG_CXX_LIBRARY = "libc++";
				CLANG_ENABLE_MODULES = YES;
				CLANG_ENABLE_OBJC_ARC = YES;
				CLANG_WARN_BOOL_CONVERSION = YES;
				CLANG_WARN_CONSTANT_CONVERSION = YES;
				CLANG_WARN_DIRECT_OBJC_ISA_USAGE = YES_ERROR;
				CLANG_WARN_EMPTY_BODY = YES;
				CLANG_WARN_ENUM_CONVERSION = YES;
				CLANG_WARN_INT_CONVERSION = YES;
				CLANG_WARN_OBJC_ROOT_CLASS = YES_ERROR;
				CLANG_WARN_UNREACHABLE_CODE = YES;
				CLANG_WARN__DUPLICATE_METHOD_MATCH = YES;
				"CODE_SIGN_IDENTITY[sdk=iphoneos*]" = "iPhone Developer";
				COPY_PHASE_STRIP = NO;
				DEBUG_INFORMATION_FORMAT = "dwarf-with-dsym";
				ENABLE_NS_ASSERTIONS = NO;
				ENABLE_STRICT_OBJC_MSGSEND = YES;
				GCC_C_LANGUAGE_STANDARD = gnu99;
				GCC_NO_COMMON_BLOCKS = YES;
				GCC_WARN_64_TO_32_BIT_CONVERSION = YES;
				GCC_WARN_ABOUT_RETURN_TYPE = YES_ERROR;
				GCC_WARN_UNDECLARED_SELECTOR = YES;
				GCC_WARN_UNINITIALIZED_AUTOS = YES_AGGRESSIVE;
				GCC_WARN_UNUSED_FUNCTION = YES;
				GCC_WARN_UNUSED_VARIABLE = YES;
				IPHONEOS_DEPLOYMENT_TARGET = 9.0;
				MTL_ENABLE_DEBUG_INFO = NO;
				SDKROOT = iphoneos;
				VALIDATE_PRODUCT = YES;
			};
			name = Release;
		};
		71E8A0CC1BD4605C002832EE /* Debug */ = {
			isa = XCBuildConfiguration;
			buildSettings = {
				ASSETCATALOG_COMPILER_APPICON_NAME = AppIcon;
				ASSETCATALOG_COMPILER_LAUNCHIMAGE_NAME = BrandAsset;
				CODE_SIGN_IDENTITY = "iPhone Developer";
				INFOPLIST_FILE = "$(SRCROOT)/Faceoff/Info.plist";
				IPHONEOS_DEPLOYMENT_TARGET = 7.0;
				LD_RUNPATH_SEARCH_PATHS = "$(inherited) @executable_path/Frameworks";
				PRODUCT_BUNDLE_IDENTIFIER = com.Faceoff;
				PRODUCT_NAME = "$(TARGET_NAME)";
				TARGETED_DEVICE_FAMILY = 1;
			};
			name = Debug;
		};
		71E8A0CD1BD4605C002832EE /* Release */ = {
			isa = XCBuildConfiguration;
			buildSettings = {
				ASSETCATALOG_COMPILER_APPICON_NAME = AppIcon;
				ASSETCATALOG_COMPILER_LAUNCHIMAGE_NAME = BrandAsset;
				CODE_SIGN_IDENTITY = "iPhone Developer";
				INFOPLIST_FILE = "$(SRCROOT)/Faceoff/Info.plist";
				IPHONEOS_DEPLOYMENT_TARGET = 7.0;
				LD_RUNPATH_SEARCH_PATHS = "$(inherited) @executable_path/Frameworks";
				PRODUCT_BUNDLE_IDENTIFIER = com.Faceoff;
				PRODUCT_NAME = "$(TARGET_NAME)";
				TARGETED_DEVICE_FAMILY = 1;
			};
			name = Release;
		};
		71E8A0CF1BD4605C002832EE /* Debug */ = {
			isa = XCBuildConfiguration;
			buildSettings = {
				BUNDLE_LOADER = "$(TEST_HOST)";
				DEBUG_INFORMATION_FORMAT = dwarf;
				INFOPLIST_FILE = BTtestTests/Info.plist;
				LD_RUNPATH_SEARCH_PATHS = "$(inherited) @executable_path/Frameworks @loader_path/Frameworks";
				PRODUCT_BUNDLE_IDENTIFIER = com.BTtestTests;
				PRODUCT_NAME = "$(TARGET_NAME)";
				TEST_HOST = "$(BUILT_PRODUCTS_DIR)/BTtest.app/BTtest";
			};
			name = Debug;
		};
		71E8A0D01BD4605C002832EE /* Release */ = {
			isa = XCBuildConfiguration;
			buildSettings = {
				BUNDLE_LOADER = "$(TEST_HOST)";
				INFOPLIST_FILE = BTtestTests/Info.plist;
				LD_RUNPATH_SEARCH_PATHS = "$(inherited) @executable_path/Frameworks @loader_path/Frameworks";
				PRODUCT_BUNDLE_IDENTIFIER = com.BTtestTests;
				PRODUCT_NAME = "$(TARGET_NAME)";
				TEST_HOST = "$(BUILT_PRODUCTS_DIR)/BTtest.app/BTtest";
			};
			name = Release;
		};
		71E8A0D21BD4605C002832EE /* Debug */ = {
			isa = XCBuildConfiguration;
			buildSettings = {
				DEBUG_INFORMATION_FORMAT = dwarf;
				INFOPLIST_FILE = BTtestUITests/Info.plist;
				LD_RUNPATH_SEARCH_PATHS = "$(inherited) @executable_path/Frameworks @loader_path/Frameworks";
				PRODUCT_BUNDLE_IDENTIFIER = com.BTtestUITests;
				PRODUCT_NAME = "$(TARGET_NAME)";
				TEST_TARGET_NAME = BTtest;
				USES_XCTRUNNER = YES;
			};
			name = Debug;
		};
		71E8A0D31BD4605C002832EE /* Release */ = {
			isa = XCBuildConfiguration;
			buildSettings = {
				INFOPLIST_FILE = BTtestUITests/Info.plist;
				LD_RUNPATH_SEARCH_PATHS = "$(inherited) @executable_path/Frameworks @loader_path/Frameworks";
				PRODUCT_BUNDLE_IDENTIFIER = com.BTtestUITests;
				PRODUCT_NAME = "$(TARGET_NAME)";
				TEST_TARGET_NAME = BTtest;
				USES_XCTRUNNER = YES;
			};
			name = Release;
		};
/* End XCBuildConfiguration section */

/* Begin XCConfigurationList section */
		71E8A09A1BD4605C002832EE /* Build configuration list for PBXProject "Faceoff" */ = {
			isa = XCConfigurationList;
			buildConfigurations = (
				71E8A0C91BD4605C002832EE /* Debug */,
				71E8A0CA1BD4605C002832EE /* Release */,
			);
			defaultConfigurationIsVisible = 0;
			defaultConfigurationName = Release;
		};
		71E8A0CB1BD4605C002832EE /* Build configuration list for PBXNativeTarget "Faceoff" */ = {
			isa = XCConfigurationList;
			buildConfigurations = (
				71E8A0CC1BD4605C002832EE /* Debug */,
				71E8A0CD1BD4605C002832EE /* Release */,
			);
			defaultConfigurationIsVisible = 0;
			defaultConfigurationName = Release;
		};
		71E8A0CE1BD4605C002832EE /* Build configuration list for PBXNativeTarget "FaceoffTests" */ = {
			isa = XCConfigurationList;
			buildConfigurations = (
				71E8A0CF1BD4605C002832EE /* Debug */,
				71E8A0D01BD4605C002832EE /* Release */,
			);
			defaultConfigurationIsVisible = 0;
			defaultConfigurationName = Release;
		};
		71E8A0D11BD4605C002832EE /* Build configuration list for PBXNativeTarget "FaceoffUITests" */ = {
			isa = XCConfigurationList;
			buildConfigurations = (
				71E8A0D21BD4605C002832EE /* Debug */,
				71E8A0D31BD4605C002832EE /* Release */,
			);
			defaultConfigurationIsVisible = 0;
			defaultConfigurationName = Release;
		};
/* End XCConfigurationList section */
	};
	rootObject = 71E8A0971BD4605C002832EE /* Project object */;
}
