// !$*UTF8*$!
{
	archiveVersion = 1;
	classes = {
	};
	objectVersion = 46;
	objects = {

/* Begin PBXBuildFile section */
		0A11F8151BAFC1DD004605DB /* AppDelegate.swift in Sources */ = {isa = PBXBuildFile; fileRef = 0A11F8141BAFC1DD004605DB /* AppDelegate.swift */; };
		0A11F8191BAFC1DD004605DB /* GameScene.swift in Sources */ = {isa = PBXBuildFile; fileRef = 0A11F8181BAFC1DD004605DB /* GameScene.swift */; };
		0A11F81B1BAFC1DD004605DB /* GameViewController.swift in Sources */ = {isa = PBXBuildFile; fileRef = 0A11F81A1BAFC1DD004605DB /* GameViewController.swift */; };
		0A11F81E1BAFC1DD004605DB /* Main.storyboard in Resources */ = {isa = PBXBuildFile; fileRef = 0A11F81C1BAFC1DD004605DB /* Main.storyboard */; };
		0A11F8201BAFC1DD004605DB /* Assets.xcassets in Resources */ = {isa = PBXBuildFile; fileRef = 0A11F81F1BAFC1DD004605DB /* Assets.xcassets */; };
		0A11F8231BAFC1DD004605DB /* LaunchScreen.storyboard in Resources */ = {isa = PBXBuildFile; fileRef = 0A11F8211BAFC1DD004605DB /* LaunchScreen.storyboard */; };
		0A11F82E1BAFC1DD004605DB /* FaceoffTests.swift in Sources */ = {isa = PBXBuildFile; fileRef = 0A11F82D1BAFC1DD004605DB /* FaceoffTests.swift */; };
		0A11F8391BAFC1DD004605DB /* FaceoffUITests.swift in Sources */ = {isa = PBXBuildFile; fileRef = 0A11F8381BAFC1DD004605DB /* FaceoffUITests.swift */; };
		0A11F8481BAFD07A004605DB /* MPCManager.swift in Sources */ = {isa = PBXBuildFile; fileRef = 0A11F8471BAFD07A004605DB /* MPCManager.swift */; settings = {ASSET_TAGS = (); }; };
		0A11F84A1BAFD67C004605DB /* FaceoffConnector.swift in Sources */ = {isa = PBXBuildFile; fileRef = 0A11F8491BAFD67C004605DB /* FaceoffConnector.swift */; settings = {ASSET_TAGS = (); }; };
		0A904C891BB803040003787A /* ScrollNode.swift in Sources */ = {isa = PBXBuildFile; fileRef = 0A904C881BB803040003787A /* ScrollNode.swift */; settings = {ASSET_TAGS = (); }; };
		0A904C8B1BB9FFBB0003787A /* PlayerListScene.swift in Sources */ = {isa = PBXBuildFile; fileRef = 0A904C8A1BB9FFBB0003787A /* PlayerListScene.swift */; settings = {ASSET_TAGS = (); }; };
		0A9A487D1BB77F22009A3B81 /* MainScene.swift in Sources */ = {isa = PBXBuildFile; fileRef = 0A9A487C1BB77F22009A3B81 /* MainScene.swift */; settings = {ASSET_TAGS = (); }; };
		0A9A487F1BB7CE40009A3B81 /* PlayModeScene.swift in Sources */ = {isa = PBXBuildFile; fileRef = 0A9A487E1BB7CE40009A3B81 /* PlayModeScene.swift */; settings = {ASSET_TAGS = (); }; };
		0A9F8E7D1BBB10F1002B12B0 /* background1.jpg in Resources */ = {isa = PBXBuildFile; fileRef = 0A9F8E661BBB10F1002B12B0 /* background1.jpg */; settings = {ASSET_TAGS = (); }; };
		0A9F8E7E1BBB10F1002B12B0 /* background2.jpg in Resources */ = {isa = PBXBuildFile; fileRef = 0A9F8E671BBB10F1002B12B0 /* background2.jpg */; settings = {ASSET_TAGS = (); }; };
		0A9F8E7F1BBB10F1002B12B0 /* background3.jpg in Resources */ = {isa = PBXBuildFile; fileRef = 0A9F8E681BBB10F1002B12B0 /* background3.jpg */; settings = {ASSET_TAGS = (); }; };
		0A9F8E801BBB10F1002B12B0 /* crash3.png in Resources */ = {isa = PBXBuildFile; fileRef = 0A9F8E691BBB10F1002B12B0 /* crash3.png */; settings = {ASSET_TAGS = (); }; };
		0A9F8E811BBB10F1002B12B0 /* crash4.png in Resources */ = {isa = PBXBuildFile; fileRef = 0A9F8E6A1BBB10F1002B12B0 /* crash4.png */; settings = {ASSET_TAGS = (); }; };
		0A9F8E821BBB10F1002B12B0 /* crush.png in Resources */ = {isa = PBXBuildFile; fileRef = 0A9F8E6B1BBB10F1002B12B0 /* crush.png */; settings = {ASSET_TAGS = (); }; };
		0A9F8E831BBB10F1002B12B0 /* crush2.png in Resources */ = {isa = PBXBuildFile; fileRef = 0A9F8E6C1BBB10F1002B12B0 /* crush2.png */; settings = {ASSET_TAGS = (); }; };
		0A9F8E841BBB10F1002B12B0 /* crush2@2x.png in Resources */ = {isa = PBXBuildFile; fileRef = 0A9F8E6D1BBB10F1002B12B0 /* crush2@2x.png */; settings = {ASSET_TAGS = (); }; };
		0A9F8E851BBB10F1002B12B0 /* crush@2x.png in Resources */ = {isa = PBXBuildFile; fileRef = 0A9F8E6E1BBB10F1002B12B0 /* crush@2x.png */; settings = {ASSET_TAGS = (); }; };
		0A9F8E861BBB10F1002B12B0 /* cute.png in Resources */ = {isa = PBXBuildFile; fileRef = 0A9F8E6F1BBB10F1002B12B0 /* cute.png */; settings = {ASSET_TAGS = (); }; };
		0A9F8E871BBB10F1002B12B0 /* cute@2x.png in Resources */ = {isa = PBXBuildFile; fileRef = 0A9F8E701BBB10F1002B12B0 /* cute@2x.png */; settings = {ASSET_TAGS = (); }; };
		0A9F8E881BBB10F1002B12B0 /* player.png in Resources */ = {isa = PBXBuildFile; fileRef = 0A9F8E711BBB10F1002B12B0 /* player.png */; settings = {ASSET_TAGS = (); }; };
		0A9F8E891BBB10F1002B12B0 /* player@2x.png in Resources */ = {isa = PBXBuildFile; fileRef = 0A9F8E721BBB10F1002B12B0 /* player@2x.png */; settings = {ASSET_TAGS = (); }; };
		0A9F8E8A1BBB10F1002B12B0 /* usc.jpg in Resources */ = {isa = PBXBuildFile; fileRef = 0A9F8E731BBB10F1002B12B0 /* usc.jpg */; settings = {ASSET_TAGS = (); }; };
		0A9F8E8B1BBB10F1002B12B0 /* uscchange.jpg in Resources */ = {isa = PBXBuildFile; fileRef = 0A9F8E741BBB10F1002B12B0 /* uscchange.jpg */; settings = {ASSET_TAGS = (); }; };
		0A9F8E8C1BBB10F1002B12B0 /* bigbomb.mp3 in Resources */ = {isa = PBXBuildFile; fileRef = 0A9F8E771BBB10F1002B12B0 /* bigbomb.mp3 */; settings = {ASSET_TAGS = (); }; };
		0A9F8E8D1BBB10F1002B12B0 /* falling1a.mp3 in Resources */ = {isa = PBXBuildFile; fileRef = 0A9F8E781BBB10F1002B12B0 /* falling1a.mp3 */; settings = {ASSET_TAGS = (); }; };
		0A9F8E8E1BBB10F1002B12B0 /* falling2a.mp3 in Resources */ = {isa = PBXBuildFile; fileRef = 0A9F8E791BBB10F1002B12B0 /* falling2a.mp3 */; settings = {ASSET_TAGS = (); }; };
		0A9F8E8F1BBB10F1002B12B0 /* fighton.mp3 in Resources */ = {isa = PBXBuildFile; fileRef = 0A9F8E7A1BBB10F1002B12B0 /* fighton.mp3 */; settings = {ASSET_TAGS = (); }; };
		0A9F8E901BBB10F1002B12B0 /* littlebomb.mp3 in Resources */ = {isa = PBXBuildFile; fileRef = 0A9F8E7B1BBB10F1002B12B0 /* littlebomb.mp3 */; settings = {ASSET_TAGS = (); }; };
		0A9F8E911BBB10F1002B12B0 /* siren1.mp3 in Resources */ = {isa = PBXBuildFile; fileRef = 0A9F8E7C1BBB10F1002B12B0 /* siren1.mp3 */; settings = {ASSET_TAGS = (); }; };
		0A9F8E941BBB11D5002B12B0 /* Tools.swift in Sources */ = {isa = PBXBuildFile; fileRef = 0A9F8E921BBB11D5002B12B0 /* Tools.swift */; settings = {ASSET_TAGS = (); }; };
		0A9F8E951BBB11D5002B12B0 /* Defined.swift in Sources */ = {isa = PBXBuildFile; fileRef = 0A9F8E931BBB11D5002B12B0 /* Defined.swift */; settings = {ASSET_TAGS = (); }; };
		0A9F8E971BBB2139002B12B0 /* SelectWeaponScene.swift in Sources */ = {isa = PBXBuildFile; fileRef = 0A9F8E961BBB2139002B12B0 /* SelectWeaponScene.swift */; settings = {ASSET_TAGS = (); }; };
		0A9F8E9B1BBB22F9002B12B0 /* FireScene.swift in Sources */ = {isa = PBXBuildFile; fileRef = 0A9F8E9A1BBB22F9002B12B0 /* FireScene.swift */; settings = {ASSET_TAGS = (); }; };
		0A9F8E9D1BBB25E4002B12B0 /* TakePicturesScene.swift in Sources */ = {isa = PBXBuildFile; fileRef = 0A9F8E9C1BBB25E4002B12B0 /* TakePicturesScene.swift */; settings = {ASSET_TAGS = (); }; };
/* End PBXBuildFile section */

/* Begin PBXContainerItemProxy section */
		0A11F82A1BAFC1DD004605DB /* PBXContainerItemProxy */ = {
			isa = PBXContainerItemProxy;
			containerPortal = 0A11F8091BAFC1DD004605DB /* Project object */;
			proxyType = 1;
			remoteGlobalIDString = 0A11F8101BAFC1DD004605DB;
			remoteInfo = Faceoff;
		};
		0A11F8351BAFC1DD004605DB /* PBXContainerItemProxy */ = {
			isa = PBXContainerItemProxy;
			containerPortal = 0A11F8091BAFC1DD004605DB /* Project object */;
			proxyType = 1;
			remoteGlobalIDString = 0A11F8101BAFC1DD004605DB;
			remoteInfo = Faceoff;
		};
/* End PBXContainerItemProxy section */

/* Begin PBXFileReference section */
		0A11F8111BAFC1DD004605DB /* Faceoff.app */ = {isa = PBXFileReference; explicitFileType = wrapper.application; includeInIndex = 0; path = Faceoff.app; sourceTree = BUILT_PRODUCTS_DIR; };
		0A11F8141BAFC1DD004605DB /* AppDelegate.swift */ = {isa = PBXFileReference; lastKnownFileType = sourcecode.swift; path = AppDelegate.swift; sourceTree = "<group>"; };
		0A11F8181BAFC1DD004605DB /* GameScene.swift */ = {isa = PBXFileReference; lastKnownFileType = sourcecode.swift; path = GameScene.swift; sourceTree = "<group>"; };
		0A11F81A1BAFC1DD004605DB /* GameViewController.swift */ = {isa = PBXFileReference; lastKnownFileType = sourcecode.swift; path = GameViewController.swift; sourceTree = "<group>"; };
		0A11F81D1BAFC1DD004605DB /* Base */ = {isa = PBXFileReference; lastKnownFileType = file.storyboard; name = Base; path = Base.lproj/Main.storyboard; sourceTree = "<group>"; };
		0A11F81F1BAFC1DD004605DB /* Assets.xcassets */ = {isa = PBXFileReference; lastKnownFileType = folder.assetcatalog; path = Assets.xcassets; sourceTree = "<group>"; };
		0A11F8221BAFC1DD004605DB /* Base */ = {isa = PBXFileReference; lastKnownFileType = file.storyboard; name = Base; path = Base.lproj/LaunchScreen.storyboard; sourceTree = "<group>"; };
		0A11F8241BAFC1DD004605DB /* Info.plist */ = {isa = PBXFileReference; lastKnownFileType = text.plist.xml; path = Info.plist; sourceTree = "<group>"; };
		0A11F8291BAFC1DD004605DB /* FaceoffTests.xctest */ = {isa = PBXFileReference; explicitFileType = wrapper.cfbundle; includeInIndex = 0; path = FaceoffTests.xctest; sourceTree = BUILT_PRODUCTS_DIR; };
		0A11F82D1BAFC1DD004605DB /* FaceoffTests.swift */ = {isa = PBXFileReference; lastKnownFileType = sourcecode.swift; path = FaceoffTests.swift; sourceTree = "<group>"; };
		0A11F82F1BAFC1DD004605DB /* Info.plist */ = {isa = PBXFileReference; lastKnownFileType = text.plist.xml; path = Info.plist; sourceTree = "<group>"; };
		0A11F8341BAFC1DD004605DB /* FaceoffUITests.xctest */ = {isa = PBXFileReference; explicitFileType = wrapper.cfbundle; includeInIndex = 0; path = FaceoffUITests.xctest; sourceTree = BUILT_PRODUCTS_DIR; };
		0A11F8381BAFC1DD004605DB /* FaceoffUITests.swift */ = {isa = PBXFileReference; lastKnownFileType = sourcecode.swift; path = FaceoffUITests.swift; sourceTree = "<group>"; };
		0A11F83A1BAFC1DD004605DB /* Info.plist */ = {isa = PBXFileReference; lastKnownFileType = text.plist.xml; path = Info.plist; sourceTree = "<group>"; };
		0A11F8461BAFD020004605DB /* MyPlayground.playground */ = {isa = PBXFileReference; lastKnownFileType = file.playground; path = MyPlayground.playground; sourceTree = "<group>"; };
		0A11F8471BAFD07A004605DB /* MPCManager.swift */ = {isa = PBXFileReference; fileEncoding = 4; lastKnownFileType = sourcecode.swift; path = MPCManager.swift; sourceTree = "<group>"; };
		0A11F8491BAFD67C004605DB /* FaceoffConnector.swift */ = {isa = PBXFileReference; fileEncoding = 4; lastKnownFileType = sourcecode.swift; path = FaceoffConnector.swift; sourceTree = "<group>"; };
		0A904C881BB803040003787A /* ScrollNode.swift */ = {isa = PBXFileReference; fileEncoding = 4; lastKnownFileType = sourcecode.swift; path = ScrollNode.swift; sourceTree = "<group>"; };
		0A904C8A1BB9FFBB0003787A /* PlayerListScene.swift */ = {isa = PBXFileReference; fileEncoding = 4; lastKnownFileType = sourcecode.swift; path = PlayerListScene.swift; sourceTree = "<group>"; };
		0A9A487C1BB77F22009A3B81 /* MainScene.swift */ = {isa = PBXFileReference; fileEncoding = 4; lastKnownFileType = sourcecode.swift; path = MainScene.swift; sourceTree = "<group>"; };
		0A9A487E1BB7CE40009A3B81 /* PlayModeScene.swift */ = {isa = PBXFileReference; fileEncoding = 4; lastKnownFileType = sourcecode.swift; path = PlayModeScene.swift; sourceTree = "<group>"; };
		0A9F8E661BBB10F1002B12B0 /* background1.jpg */ = {isa = PBXFileReference; lastKnownFileType = image.jpeg; path = background1.jpg; sourceTree = "<group>"; };
		0A9F8E671BBB10F1002B12B0 /* background2.jpg */ = {isa = PBXFileReference; lastKnownFileType = image.jpeg; path = background2.jpg; sourceTree = "<group>"; };
		0A9F8E681BBB10F1002B12B0 /* background3.jpg */ = {isa = PBXFileReference; lastKnownFileType = image.jpeg; path = background3.jpg; sourceTree = "<group>"; };
		0A9F8E691BBB10F1002B12B0 /* crash3.png */ = {isa = PBXFileReference; lastKnownFileType = image.png; path = crash3.png; sourceTree = "<group>"; };
		0A9F8E6A1BBB10F1002B12B0 /* crash4.png */ = {isa = PBXFileReference; lastKnownFileType = image.png; path = crash4.png; sourceTree = "<group>"; };
		0A9F8E6B1BBB10F1002B12B0 /* crush.png */ = {isa = PBXFileReference; lastKnownFileType = image.png; path = crush.png; sourceTree = "<group>"; };
		0A9F8E6C1BBB10F1002B12B0 /* crush2.png */ = {isa = PBXFileReference; lastKnownFileType = image.png; path = crush2.png; sourceTree = "<group>"; };
		0A9F8E6D1BBB10F1002B12B0 /* crush2@2x.png */ = {isa = PBXFileReference; lastKnownFileType = image.png; path = "crush2@2x.png"; sourceTree = "<group>"; };
		0A9F8E6E1BBB10F1002B12B0 /* crush@2x.png */ = {isa = PBXFileReference; lastKnownFileType = image.png; path = "crush@2x.png"; sourceTree = "<group>"; };
		0A9F8E6F1BBB10F1002B12B0 /* cute.png */ = {isa = PBXFileReference; lastKnownFileType = image.png; path = cute.png; sourceTree = "<group>"; };
		0A9F8E701BBB10F1002B12B0 /* cute@2x.png */ = {isa = PBXFileReference; lastKnownFileType = image.png; path = "cute@2x.png"; sourceTree = "<group>"; };
		0A9F8E711BBB10F1002B12B0 /* player.png */ = {isa = PBXFileReference; lastKnownFileType = image.png; path = player.png; sourceTree = "<group>"; };
		0A9F8E721BBB10F1002B12B0 /* player@2x.png */ = {isa = PBXFileReference; lastKnownFileType = image.png; path = "player@2x.png"; sourceTree = "<group>"; };
		0A9F8E731BBB10F1002B12B0 /* usc.jpg */ = {isa = PBXFileReference; lastKnownFileType = image.jpeg; path = usc.jpg; sourceTree = "<group>"; };
		0A9F8E741BBB10F1002B12B0 /* uscchange.jpg */ = {isa = PBXFileReference; lastKnownFileType = image.jpeg; path = uscchange.jpg; sourceTree = "<group>"; };
		0A9F8E771BBB10F1002B12B0 /* bigbomb.mp3 */ = {isa = PBXFileReference; lastKnownFileType = audio.mp3; path = bigbomb.mp3; sourceTree = "<group>"; };
		0A9F8E781BBB10F1002B12B0 /* falling1a.mp3 */ = {isa = PBXFileReference; lastKnownFileType = audio.mp3; path = falling1a.mp3; sourceTree = "<group>"; };
		0A9F8E791BBB10F1002B12B0 /* falling2a.mp3 */ = {isa = PBXFileReference; lastKnownFileType = audio.mp3; path = falling2a.mp3; sourceTree = "<group>"; };
		0A9F8E7A1BBB10F1002B12B0 /* fighton.mp3 */ = {isa = PBXFileReference; lastKnownFileType = audio.mp3; path = fighton.mp3; sourceTree = "<group>"; };
		0A9F8E7B1BBB10F1002B12B0 /* littlebomb.mp3 */ = {isa = PBXFileReference; lastKnownFileType = audio.mp3; path = littlebomb.mp3; sourceTree = "<group>"; };
		0A9F8E7C1BBB10F1002B12B0 /* siren1.mp3 */ = {isa = PBXFileReference; lastKnownFileType = audio.mp3; path = siren1.mp3; sourceTree = "<group>"; };
		0A9F8E921BBB11D5002B12B0 /* Tools.swift */ = {isa = PBXFileReference; fileEncoding = 4; lastKnownFileType = sourcecode.swift; path = Tools.swift; sourceTree = "<group>"; };
		0A9F8E931BBB11D5002B12B0 /* Defined.swift */ = {isa = PBXFileReference; fileEncoding = 4; lastKnownFileType = sourcecode.swift; path = Defined.swift; sourceTree = "<group>"; };
		0A9F8E961BBB2139002B12B0 /* SelectWeaponScene.swift */ = {isa = PBXFileReference; fileEncoding = 4; lastKnownFileType = sourcecode.swift; path = SelectWeaponScene.swift; sourceTree = "<group>"; };
		0A9F8E9A1BBB22F9002B12B0 /* FireScene.swift */ = {isa = PBXFileReference; fileEncoding = 4; lastKnownFileType = sourcecode.swift; path = FireScene.swift; sourceTree = "<group>"; };
		0A9F8E9C1BBB25E4002B12B0 /* TakePicturesScene.swift */ = {isa = PBXFileReference; fileEncoding = 4; lastKnownFileType = sourcecode.swift; path = TakePicturesScene.swift; sourceTree = "<group>"; };
/* End PBXFileReference section */

/* Begin PBXFrameworksBuildPhase section */
		0A11F80E1BAFC1DD004605DB /* Frameworks */ = {
			isa = PBXFrameworksBuildPhase;
			buildActionMask = 2147483647;
			files = (
			);
			runOnlyForDeploymentPostprocessing = 0;
		};
		0A11F8261BAFC1DD004605DB /* Frameworks */ = {
			isa = PBXFrameworksBuildPhase;
			buildActionMask = 2147483647;
			files = (
			);
			runOnlyForDeploymentPostprocessing = 0;
		};
		0A11F8311BAFC1DD004605DB /* Frameworks */ = {
			isa = PBXFrameworksBuildPhase;
			buildActionMask = 2147483647;
			files = (
			);
			runOnlyForDeploymentPostprocessing = 0;
		};
/* End PBXFrameworksBuildPhase section */

/* Begin PBXGroup section */
		0A11F8081BAFC1DD004605DB = {
			isa = PBXGroup;
			children = (
				0A11F8131BAFC1DD004605DB /* Faceoff */,
				0A11F82C1BAFC1DD004605DB /* FaceoffTests */,
				0A11F8371BAFC1DD004605DB /* FaceoffUITests */,
				0A11F8121BAFC1DD004605DB /* Products */,
			);
			sourceTree = "<group>";
		};
		0A11F8121BAFC1DD004605DB /* Products */ = {
			isa = PBXGroup;
			children = (
				0A11F8111BAFC1DD004605DB /* Faceoff.app */,
				0A11F8291BAFC1DD004605DB /* FaceoffTests.xctest */,
				0A11F8341BAFC1DD004605DB /* FaceoffUITests.xctest */,
			);
			name = Products;
			sourceTree = "<group>";
		};
		0A11F8131BAFC1DD004605DB /* Faceoff */ = {
			isa = PBXGroup;
			children = (
				0A9F8E9A1BBB22F9002B12B0 /* FireScene.swift */,
				0A9F8E921BBB11D5002B12B0 /* Tools.swift */,
				0A9F8E931BBB11D5002B12B0 /* Defined.swift */,
				0A9F8E641BBB10F1002B12B0 /* Assets */,
				0A11F8141BAFC1DD004605DB /* AppDelegate.swift */,
				0A11F8491BAFD67C004605DB /* FaceoffConnector.swift */,
				0A11F8181BAFC1DD004605DB /* GameScene.swift */,
				0A904C8A1BB9FFBB0003787A /* PlayerListScene.swift */,
				0A9F8E9C1BBB25E4002B12B0 /* TakePicturesScene.swift */,
				0A9A487C1BB77F22009A3B81 /* MainScene.swift */,
				0A9A487E1BB7CE40009A3B81 /* PlayModeScene.swift */,
				0A11F8471BAFD07A004605DB /* MPCManager.swift */,
				0A9F8E961BBB2139002B12B0 /* SelectWeaponScene.swift */,
				0A11F8461BAFD020004605DB /* MyPlayground.playground */,
				0A11F81A1BAFC1DD004605DB /* GameViewController.swift */,
				0A904C881BB803040003787A /* ScrollNode.swift */,
				0A11F81C1BAFC1DD004605DB /* Main.storyboard */,
				0A11F81F1BAFC1DD004605DB /* Assets.xcassets */,
				0A11F8211BAFC1DD004605DB /* LaunchScreen.storyboard */,
				0A11F8241BAFC1DD004605DB /* Info.plist */,
			);
			path = Faceoff;
			sourceTree = "<group>";
		};
		0A11F82C1BAFC1DD004605DB /* FaceoffTests */ = {
			isa = PBXGroup;
			children = (
				0A11F82D1BAFC1DD004605DB /* FaceoffTests.swift */,
				0A11F82F1BAFC1DD004605DB /* Info.plist */,
			);
			path = FaceoffTests;
			sourceTree = "<group>";
		};
		0A11F8371BAFC1DD004605DB /* FaceoffUITests */ = {
			isa = PBXGroup;
			children = (
				0A11F8381BAFC1DD004605DB /* FaceoffUITests.swift */,
				0A11F83A1BAFC1DD004605DB /* Info.plist */,
			);
			path = FaceoffUITests;
			sourceTree = "<group>";
		};
		0A9F8E641BBB10F1002B12B0 /* Assets */ = {
			isa = PBXGroup;
			children = (
				0A9F8E651BBB10F1002B12B0 /* Image */,
				0A9F8E751BBB10F1002B12B0 /* Sks */,
				0A9F8E761BBB10F1002B12B0 /* Sound */,
			);
			path = Assets;
			sourceTree = "<group>";
		};
		0A9F8E651BBB10F1002B12B0 /* Image */ = {
			isa = PBXGroup;
			children = (
				0A9F8E661BBB10F1002B12B0 /* background1.jpg */,
				0A9F8E671BBB10F1002B12B0 /* background2.jpg */,
				0A9F8E681BBB10F1002B12B0 /* background3.jpg */,
				0A9F8E691BBB10F1002B12B0 /* crash3.png */,
				0A9F8E6A1BBB10F1002B12B0 /* crash4.png */,
				0A9F8E6B1BBB10F1002B12B0 /* crush.png */,
				0A9F8E6C1BBB10F1002B12B0 /* crush2.png */,
				0A9F8E6D1BBB10F1002B12B0 /* crush2@2x.png */,
				0A9F8E6E1BBB10F1002B12B0 /* crush@2x.png */,
				0A9F8E6F1BBB10F1002B12B0 /* cute.png */,
				0A9F8E701BBB10F1002B12B0 /* cute@2x.png */,
				0A9F8E711BBB10F1002B12B0 /* player.png */,
				0A9F8E721BBB10F1002B12B0 /* player@2x.png */,
				0A9F8E731BBB10F1002B12B0 /* usc.jpg */,
				0A9F8E741BBB10F1002B12B0 /* uscchange.jpg */,
			);
			path = Image;
			sourceTree = "<group>";
		};
		0A9F8E751BBB10F1002B12B0 /* Sks */ = {
			isa = PBXGroup;
			children = (
			);
			path = Sks;
			sourceTree = "<group>";
		};
		0A9F8E761BBB10F1002B12B0 /* Sound */ = {
			isa = PBXGroup;
			children = (
				0A9F8E771BBB10F1002B12B0 /* bigbomb.mp3 */,
				0A9F8E781BBB10F1002B12B0 /* falling1a.mp3 */,
				0A9F8E791BBB10F1002B12B0 /* falling2a.mp3 */,
				0A9F8E7A1BBB10F1002B12B0 /* fighton.mp3 */,
				0A9F8E7B1BBB10F1002B12B0 /* littlebomb.mp3 */,
				0A9F8E7C1BBB10F1002B12B0 /* siren1.mp3 */,
			);
			path = Sound;
			sourceTree = "<group>";
		};
/* End PBXGroup section */

/* Begin PBXNativeTarget section */
		0A11F8101BAFC1DD004605DB /* Faceoff */ = {
			isa = PBXNativeTarget;
			buildConfigurationList = 0A11F83D1BAFC1DD004605DB /* Build configuration list for PBXNativeTarget "Faceoff" */;
			buildPhases = (
				0A11F80D1BAFC1DD004605DB /* Sources */,
				0A11F80E1BAFC1DD004605DB /* Frameworks */,
				0A11F80F1BAFC1DD004605DB /* Resources */,
			);
			buildRules = (
			);
			dependencies = (
			);
			name = Faceoff;
			productName = Faceoff;
			productReference = 0A11F8111BAFC1DD004605DB /* Faceoff.app */;
			productType = "com.apple.product-type.application";
		};
		0A11F8281BAFC1DD004605DB /* FaceoffTests */ = {
			isa = PBXNativeTarget;
			buildConfigurationList = 0A11F8401BAFC1DD004605DB /* Build configuration list for PBXNativeTarget "FaceoffTests" */;
			buildPhases = (
				0A11F8251BAFC1DD004605DB /* Sources */,
				0A11F8261BAFC1DD004605DB /* Frameworks */,
				0A11F8271BAFC1DD004605DB /* Resources */,
			);
			buildRules = (
			);
			dependencies = (
				0A11F82B1BAFC1DD004605DB /* PBXTargetDependency */,
			);
			name = FaceoffTests;
			productName = FaceoffTests;
			productReference = 0A11F8291BAFC1DD004605DB /* FaceoffTests.xctest */;
			productType = "com.apple.product-type.bundle.unit-test";
		};
		0A11F8331BAFC1DD004605DB /* FaceoffUITests */ = {
			isa = PBXNativeTarget;
			buildConfigurationList = 0A11F8431BAFC1DD004605DB /* Build configuration list for PBXNativeTarget "FaceoffUITests" */;
			buildPhases = (
				0A11F8301BAFC1DD004605DB /* Sources */,
				0A11F8311BAFC1DD004605DB /* Frameworks */,
				0A11F8321BAFC1DD004605DB /* Resources */,
			);
			buildRules = (
			);
			dependencies = (
				0A11F8361BAFC1DD004605DB /* PBXTargetDependency */,
			);
			name = FaceoffUITests;
			productName = FaceoffUITests;
			productReference = 0A11F8341BAFC1DD004605DB /* FaceoffUITests.xctest */;
			productType = "com.apple.product-type.bundle.ui-testing";
		};
/* End PBXNativeTarget section */

/* Begin PBXProject section */
		0A11F8091BAFC1DD004605DB /* Project object */ = {
			isa = PBXProject;
			attributes = {
				LastUpgradeCheck = 0700;
				ORGANIZATIONNAME = huaying;
				TargetAttributes = {
					0A11F8101BAFC1DD004605DB = {
						CreatedOnToolsVersion = 7.0;
						DevelopmentTeam = C5FYAMVNV8;
					};
					0A11F8281BAFC1DD004605DB = {
						CreatedOnToolsVersion = 7.0;
						DevelopmentTeam = 5XLQ67P82L;
						TestTargetID = 0A11F8101BAFC1DD004605DB;
					};
					0A11F8331BAFC1DD004605DB = {
						CreatedOnToolsVersion = 7.0;
						DevelopmentTeam = 5XLQ67P82L;
						TestTargetID = 0A11F8101BAFC1DD004605DB;
					};
				};
			};
			buildConfigurationList = 0A11F80C1BAFC1DD004605DB /* Build configuration list for PBXProject "Faceoff" */;
			compatibilityVersion = "Xcode 3.2";
			developmentRegion = English;
			hasScannedForEncodings = 0;
			knownRegions = (
				en,
				Base,
			);
			mainGroup = 0A11F8081BAFC1DD004605DB;
			productRefGroup = 0A11F8121BAFC1DD004605DB /* Products */;
			projectDirPath = "";
			projectRoot = "";
			targets = (
				0A11F8101BAFC1DD004605DB /* Faceoff */,
				0A11F8281BAFC1DD004605DB /* FaceoffTests */,
				0A11F8331BAFC1DD004605DB /* FaceoffUITests */,
			);
		};
/* End PBXProject section */

/* Begin PBXResourcesBuildPhase section */
		0A11F80F1BAFC1DD004605DB /* Resources */ = {
			isa = PBXResourcesBuildPhase;
			buildActionMask = 2147483647;
			files = (
				0A9F8E841BBB10F1002B12B0 /* crush2@2x.png in Resources */,
				0A9F8E8B1BBB10F1002B12B0 /* uscchange.jpg in Resources */,
				0A9F8E8D1BBB10F1002B12B0 /* falling1a.mp3 in Resources */,
				0A9F8E831BBB10F1002B12B0 /* crush2.png in Resources */,
				0A9F8E821BBB10F1002B12B0 /* crush.png in Resources */,
				0A9F8E871BBB10F1002B12B0 /* cute@2x.png in Resources */,
				0A9F8E801BBB10F1002B12B0 /* crash3.png in Resources */,
				0A11F8231BAFC1DD004605DB /* LaunchScreen.storyboard in Resources */,
				0A9F8E8E1BBB10F1002B12B0 /* falling2a.mp3 in Resources */,
				0A9F8E861BBB10F1002B12B0 /* cute.png in Resources */,
				0A9F8E891BBB10F1002B12B0 /* player@2x.png in Resources */,
				0A9F8E811BBB10F1002B12B0 /* crash4.png in Resources */,
				0A9F8E8F1BBB10F1002B12B0 /* fighton.mp3 in Resources */,
				0A9F8E8A1BBB10F1002B12B0 /* usc.jpg in Resources */,
				0A9F8E7F1BBB10F1002B12B0 /* background3.jpg in Resources */,
				0A9F8E8C1BBB10F1002B12B0 /* bigbomb.mp3 in Resources */,
				0A11F8201BAFC1DD004605DB /* Assets.xcassets in Resources */,
				0A9F8E901BBB10F1002B12B0 /* littlebomb.mp3 in Resources */,
				0A9F8E911BBB10F1002B12B0 /* siren1.mp3 in Resources */,
				0A9F8E7E1BBB10F1002B12B0 /* background2.jpg in Resources */,
				0A9F8E881BBB10F1002B12B0 /* player.png in Resources */,
				0A11F81E1BAFC1DD004605DB /* Main.storyboard in Resources */,
				0A9F8E851BBB10F1002B12B0 /* crush@2x.png in Resources */,
				0A9F8E7D1BBB10F1002B12B0 /* background1.jpg in Resources */,
			);
			runOnlyForDeploymentPostprocessing = 0;
		};
		0A11F8271BAFC1DD004605DB /* Resources */ = {
			isa = PBXResourcesBuildPhase;
			buildActionMask = 2147483647;
			files = (
			);
			runOnlyForDeploymentPostprocessing = 0;
		};
		0A11F8321BAFC1DD004605DB /* Resources */ = {
			isa = PBXResourcesBuildPhase;
			buildActionMask = 2147483647;
			files = (
			);
			runOnlyForDeploymentPostprocessing = 0;
		};
/* End PBXResourcesBuildPhase section */

/* Begin PBXSourcesBuildPhase section */
		0A11F80D1BAFC1DD004605DB /* Sources */ = {
			isa = PBXSourcesBuildPhase;
			buildActionMask = 2147483647;
			files = (
				0A11F8191BAFC1DD004605DB /* GameScene.swift in Sources */,
				0A904C891BB803040003787A /* ScrollNode.swift in Sources */,
				0A9F8E9D1BBB25E4002B12B0 /* TakePicturesScene.swift in Sources */,
				0A11F81B1BAFC1DD004605DB /* GameViewController.swift in Sources */,
				0A904C8B1BB9FFBB0003787A /* PlayerListScene.swift in Sources */,
				0A11F84A1BAFD67C004605DB /* FaceoffConnector.swift in Sources */,
				0A9A487D1BB77F22009A3B81 /* MainScene.swift in Sources */,
				0A11F8481BAFD07A004605DB /* MPCManager.swift in Sources */,
				0A9F8E941BBB11D5002B12B0 /* Tools.swift in Sources */,
				0A9F8E971BBB2139002B12B0 /* SelectWeaponScene.swift in Sources */,
				0A11F8151BAFC1DD004605DB /* AppDelegate.swift in Sources */,
				0A9F8E9B1BBB22F9002B12B0 /* FireScene.swift in Sources */,
				0A9A487F1BB7CE40009A3B81 /* PlayModeScene.swift in Sources */,
				0A9F8E951BBB11D5002B12B0 /* Defined.swift in Sources */,
			);
			runOnlyForDeploymentPostprocessing = 0;
		};
		0A11F8251BAFC1DD004605DB /* Sources */ = {
			isa = PBXSourcesBuildPhase;
			buildActionMask = 2147483647;
			files = (
				0A11F82E1BAFC1DD004605DB /* FaceoffTests.swift in Sources */,
			);
			runOnlyForDeploymentPostprocessing = 0;
		};
		0A11F8301BAFC1DD004605DB /* Sources */ = {
			isa = PBXSourcesBuildPhase;
			buildActionMask = 2147483647;
			files = (
				0A11F8391BAFC1DD004605DB /* FaceoffUITests.swift in Sources */,
			);
			runOnlyForDeploymentPostprocessing = 0;
		};
/* End PBXSourcesBuildPhase section */

/* Begin PBXTargetDependency section */
		0A11F82B1BAFC1DD004605DB /* PBXTargetDependency */ = {
			isa = PBXTargetDependency;
			target = 0A11F8101BAFC1DD004605DB /* Faceoff */;
			targetProxy = 0A11F82A1BAFC1DD004605DB /* PBXContainerItemProxy */;
		};
		0A11F8361BAFC1DD004605DB /* PBXTargetDependency */ = {
			isa = PBXTargetDependency;
			target = 0A11F8101BAFC1DD004605DB /* Faceoff */;
			targetProxy = 0A11F8351BAFC1DD004605DB /* PBXContainerItemProxy */;
		};
/* End PBXTargetDependency section */

/* Begin PBXVariantGroup section */
		0A11F81C1BAFC1DD004605DB /* Main.storyboard */ = {
			isa = PBXVariantGroup;
			children = (
				0A11F81D1BAFC1DD004605DB /* Base */,
			);
			name = Main.storyboard;
			sourceTree = "<group>";
		};
		0A11F8211BAFC1DD004605DB /* LaunchScreen.storyboard */ = {
			isa = PBXVariantGroup;
			children = (
				0A11F8221BAFC1DD004605DB /* Base */,
			);
			name = LaunchScreen.storyboard;
			sourceTree = "<group>";
		};
/* End PBXVariantGroup section */

/* Begin XCBuildConfiguration section */
		0A11F83B1BAFC1DD004605DB /* Debug */ = {
			isa = XCBuildConfiguration;
			buildSettings = {
				ALWAYS_SEARCH_USER_PATHS = NO;
				CLANG_CXX_LANGUAGE_STANDARD = "gnu++0x";
				CLANG_CXX_LIBRARY = "libc++";
				CLANG_ENABLE_MODULES = YES;
				CLANG_ENABLE_OBJC_ARC = YES;
				CLANG_WARN_BOOL_CONVERSION = YES;
				CLANG_WARN_CONSTANT_CONVERSION = YES;
				CLANG_WARN_DIRECT_OBJC_ISA_USAGE = YES_ERROR;
				CLANG_WARN_EMPTY_BODY = YES;
				CLANG_WARN_ENUM_CONVERSION = YES;
				CLANG_WARN_INT_CONVERSION = YES;
				CLANG_WARN_OBJC_ROOT_CLASS = YES_ERROR;
				CLANG_WARN_UNREACHABLE_CODE = YES;
				CLANG_WARN__DUPLICATE_METHOD_MATCH = YES;
				"CODE_SIGN_IDENTITY[sdk=iphoneos*]" = "iPhone Developer";
				COPY_PHASE_STRIP = NO;
				DEBUG_INFORMATION_FORMAT = "dwarf-with-dsym";
				ENABLE_STRICT_OBJC_MSGSEND = YES;
				ENABLE_TESTABILITY = YES;
				GCC_C_LANGUAGE_STANDARD = gnu99;
				GCC_DYNAMIC_NO_PIC = NO;
				GCC_NO_COMMON_BLOCKS = YES;
				GCC_OPTIMIZATION_LEVEL = 0;
				GCC_PREPROCESSOR_DEFINITIONS = (
					"DEBUG=1",
					"$(inherited)",
				);
				GCC_WARN_64_TO_32_BIT_CONVERSION = YES;
				GCC_WARN_ABOUT_RETURN_TYPE = YES_ERROR;
				GCC_WARN_UNDECLARED_SELECTOR = YES;
				GCC_WARN_UNINITIALIZED_AUTOS = YES_AGGRESSIVE;
				GCC_WARN_UNUSED_FUNCTION = YES;
				GCC_WARN_UNUSED_VARIABLE = YES;
				IPHONEOS_DEPLOYMENT_TARGET = 9.0;
				MTL_ENABLE_DEBUG_INFO = YES;
				ONLY_ACTIVE_ARCH = YES;
				SDKROOT = iphoneos;
				SWIFT_OPTIMIZATION_LEVEL = "-Onone";
			};
			name = Debug;
		};
		0A11F83C1BAFC1DD004605DB /* Release */ = {
			isa = XCBuildConfiguration;
			buildSettings = {
				ALWAYS_SEARCH_USER_PATHS = NO;
				CLANG_CXX_LANGUAGE_STANDARD = "gnu++0x";
				CLANG_CXX_LIBRARY = "libc++";
				CLANG_ENABLE_MODULES = YES;
				CLANG_ENABLE_OBJC_ARC = YES;
				CLANG_WARN_BOOL_CONVERSION = YES;
				CLANG_WARN_CONSTANT_CONVERSION = YES;
				CLANG_WARN_DIRECT_OBJC_ISA_USAGE = YES_ERROR;
				CLANG_WARN_EMPTY_BODY = YES;
				CLANG_WARN_ENUM_CONVERSION = YES;
				CLANG_WARN_INT_CONVERSION = YES;
				CLANG_WARN_OBJC_ROOT_CLASS = YES_ERROR;
				CLANG_WARN_UNREACHABLE_CODE = YES;
				CLANG_WARN__DUPLICATE_METHOD_MATCH = YES;
				"CODE_SIGN_IDENTITY[sdk=iphoneos*]" = "iPhone Developer";
				COPY_PHASE_STRIP = NO;
				DEBUG_INFORMATION_FORMAT = "dwarf-with-dsym";
				ENABLE_NS_ASSERTIONS = NO;
				ENABLE_STRICT_OBJC_MSGSEND = YES;
				GCC_C_LANGUAGE_STANDARD = gnu99;
				GCC_NO_COMMON_BLOCKS = YES;
				GCC_WARN_64_TO_32_BIT_CONVERSION = YES;
				GCC_WARN_ABOUT_RETURN_TYPE = YES_ERROR;
				GCC_WARN_UNDECLARED_SELECTOR = YES;
				GCC_WARN_UNINITIALIZED_AUTOS = YES_AGGRESSIVE;
				GCC_WARN_UNUSED_FUNCTION = YES;
				GCC_WARN_UNUSED_VARIABLE = YES;
				IPHONEOS_DEPLOYMENT_TARGET = 9.0;
				MTL_ENABLE_DEBUG_INFO = NO;
				SDKROOT = iphoneos;
				VALIDATE_PRODUCT = YES;
			};
			name = Release;
		};
		0A11F83E1BAFC1DD004605DB /* Debug */ = {
			isa = XCBuildConfiguration;
			buildSettings = {
				ASSETCATALOG_COMPILER_APPICON_NAME = AppIcon;
				CODE_SIGN_IDENTITY = "iPhone Developer";
				INFOPLIST_FILE = Faceoff/Info.plist;
				IPHONEOS_DEPLOYMENT_TARGET = 8.2;
				LD_RUNPATH_SEARCH_PATHS = "$(inherited) @executable_path/Frameworks";
				PRODUCT_BUNDLE_IDENTIFIER = Ray.Faceoff;
				PRODUCT_NAME = "$(TARGET_NAME)";
				TARGETED_DEVICE_FAMILY = "1,2";
			};
			name = Debug;
		};
		0A11F83F1BAFC1DD004605DB /* Release */ = {
			isa = XCBuildConfiguration;
			buildSettings = {
				ASSETCATALOG_COMPILER_APPICON_NAME = AppIcon;
				CODE_SIGN_IDENTITY = "iPhone Developer";
				INFOPLIST_FILE = Faceoff/Info.plist;
				IPHONEOS_DEPLOYMENT_TARGET = 8.2;
				LD_RUNPATH_SEARCH_PATHS = "$(inherited) @executable_path/Frameworks";
				PRODUCT_BUNDLE_IDENTIFIER = Ray.Faceoff;
				PRODUCT_NAME = "$(TARGET_NAME)";
				TARGETED_DEVICE_FAMILY = "1,2";
			};
			name = Release;
		};
		0A11F8411BAFC1DD004605DB /* Debug */ = {
			isa = XCBuildConfiguration;
			buildSettings = {
				BUNDLE_LOADER = "$(TEST_HOST)";
				DEBUG_INFORMATION_FORMAT = dwarf;
				INFOPLIST_FILE = FaceoffTests/Info.plist;
				LD_RUNPATH_SEARCH_PATHS = "$(inherited) @executable_path/Frameworks @loader_path/Frameworks";
				PRODUCT_BUNDLE_IDENTIFIER = huaying.FaceoffTests;
				PRODUCT_NAME = "$(TARGET_NAME)";
				TEST_HOST = "$(BUILT_PRODUCTS_DIR)/Faceoff.app/Faceoff";
			};
			name = Debug;
		};
		0A11F8421BAFC1DD004605DB /* Release */ = {
			isa = XCBuildConfiguration;
			buildSettings = {
				BUNDLE_LOADER = "$(TEST_HOST)";
				INFOPLIST_FILE = FaceoffTests/Info.plist;
				LD_RUNPATH_SEARCH_PATHS = "$(inherited) @executable_path/Frameworks @loader_path/Frameworks";
				PRODUCT_BUNDLE_IDENTIFIER = huaying.FaceoffTests;
				PRODUCT_NAME = "$(TARGET_NAME)";
				TEST_HOST = "$(BUILT_PRODUCTS_DIR)/Faceoff.app/Faceoff";
			};
			name = Release;
		};
		0A11F8441BAFC1DD004605DB /* Debug */ = {
			isa = XCBuildConfiguration;
			buildSettings = {
				DEBUG_INFORMATION_FORMAT = dwarf;
				INFOPLIST_FILE = FaceoffUITests/Info.plist;
				LD_RUNPATH_SEARCH_PATHS = "$(inherited) @executable_path/Frameworks @loader_path/Frameworks";
				PRODUCT_BUNDLE_IDENTIFIER = huaying.FaceoffUITests;
				PRODUCT_NAME = "$(TARGET_NAME)";
				TEST_TARGET_NAME = Faceoff;
				USES_XCTRUNNER = YES;
			};
			name = Debug;
		};
		0A11F8451BAFC1DD004605DB /* Release */ = {
			isa = XCBuildConfiguration;
			buildSettings = {
				INFOPLIST_FILE = FaceoffUITests/Info.plist;
				LD_RUNPATH_SEARCH_PATHS = "$(inherited) @executable_path/Frameworks @loader_path/Frameworks";
				PRODUCT_BUNDLE_IDENTIFIER = huaying.FaceoffUITests;
				PRODUCT_NAME = "$(TARGET_NAME)";
				TEST_TARGET_NAME = Faceoff;
				USES_XCTRUNNER = YES;
			};
			name = Release;
		};
/* End XCBuildConfiguration section */

/* Begin XCConfigurationList section */
		0A11F80C1BAFC1DD004605DB /* Build configuration list for PBXProject "Faceoff" */ = {
			isa = XCConfigurationList;
			buildConfigurations = (
				0A11F83B1BAFC1DD004605DB /* Debug */,
				0A11F83C1BAFC1DD004605DB /* Release */,
			);
			defaultConfigurationIsVisible = 0;
			defaultConfigurationName = Release;
		};
		0A11F83D1BAFC1DD004605DB /* Build configuration list for PBXNativeTarget "Faceoff" */ = {
			isa = XCConfigurationList;
			buildConfigurations = (
				0A11F83E1BAFC1DD004605DB /* Debug */,
				0A11F83F1BAFC1DD004605DB /* Release */,
			);
			defaultConfigurationIsVisible = 0;
			defaultConfigurationName = Release;
		};
		0A11F8401BAFC1DD004605DB /* Build configuration list for PBXNativeTarget "FaceoffTests" */ = {
			isa = XCConfigurationList;
			buildConfigurations = (
				0A11F8411BAFC1DD004605DB /* Debug */,
				0A11F8421BAFC1DD004605DB /* Release */,
			);
			defaultConfigurationIsVisible = 0;
			defaultConfigurationName = Release;
		};
		0A11F8431BAFC1DD004605DB /* Build configuration list for PBXNativeTarget "FaceoffUITests" */ = {
			isa = XCConfigurationList;
			buildConfigurations = (
				0A11F8441BAFC1DD004605DB /* Debug */,
				0A11F8451BAFC1DD004605DB /* Release */,
			);
			defaultConfigurationIsVisible = 0;
			defaultConfigurationName = Release;
		};
/* End XCConfigurationList section */
	};
	rootObject = 0A11F8091BAFC1DD004605DB /* Project object */;
}
